// !$*UTF8*$!
{
	archiveVersion = 1;
	classes = {
	};
	objectVersion = 55;
	objects = {

/* Begin PBXBuildFile section */
		503D78C82A1C87AF0096BC45 /* SwiftUIDemoApp.swift in Sources */ = {isa = PBXBuildFile; fileRef = 503D78C72A1C87AF0096BC45 /* SwiftUIDemoApp.swift */; };
		503D78CA2A1C87AF0096BC45 /* ContentView.swift in Sources */ = {isa = PBXBuildFile; fileRef = 503D78C92A1C87AF0096BC45 /* ContentView.swift */; };
		503D78CC2A1C87B40096BC45 /* Assets.xcassets in Resources */ = {isa = PBXBuildFile; fileRef = 503D78CB2A1C87B40096BC45 /* Assets.xcassets */; };
		503D78CF2A1C87B40096BC45 /* Preview Assets.xcassets in Resources */ = {isa = PBXBuildFile; fileRef = 503D78CE2A1C87B40096BC45 /* Preview Assets.xcassets */; };
		503D78D92A1C87B50096BC45 /* SwiftUIDemoTests.swift in Sources */ = {isa = PBXBuildFile; fileRef = 503D78D82A1C87B50096BC45 /* SwiftUIDemoTests.swift */; };
		503D78E32A1C87B50096BC45 /* SwiftUIDemoUITests.swift in Sources */ = {isa = PBXBuildFile; fileRef = 503D78E22A1C87B50096BC45 /* SwiftUIDemoUITests.swift */; };
		503D78E52A1C87B50096BC45 /* SwiftUIDemoUITestsLaunchTests.swift in Sources */ = {isa = PBXBuildFile; fileRef = 503D78E42A1C87B50096BC45 /* SwiftUIDemoUITestsLaunchTests.swift */; };
		503D78F22A1C8C6A0096BC45 /* LoginScreen.swift in Sources */ = {isa = PBXBuildFile; fileRef = 503D78F12A1C8C6A0096BC45 /* LoginScreen.swift */; };
		503D78F52A1C8DD40096BC45 /* TabBarView.swift in Sources */ = {isa = PBXBuildFile; fileRef = 503D78F42A1C8DD40096BC45 /* TabBarView.swift */; };
		503D78F72A1C8F700096BC45 /* DashboardView.swift in Sources */ = {isa = PBXBuildFile; fileRef = 503D78F62A1C8F700096BC45 /* DashboardView.swift */; };
		503D78F92A1C8F8A0096BC45 /* ListView.swift in Sources */ = {isa = PBXBuildFile; fileRef = 503D78F82A1C8F8A0096BC45 /* ListView.swift */; };
		503D78FC2A1C8FAD0096BC45 /* AboutUsView.swift in Sources */ = {isa = PBXBuildFile; fileRef = 503D78FB2A1C8FAD0096BC45 /* AboutUsView.swift */; };
		503D78FF2A1C97B90096BC45 /* UniversityModel.swift in Sources */ = {isa = PBXBuildFile; fileRef = 503D78FE2A1C97B90096BC45 /* UniversityModel.swift */; };
		503D79012A1C9B6D0096BC45 /* ApiModel.swift in Sources */ = {isa = PBXBuildFile; fileRef = 503D79002A1C9B6D0096BC45 /* ApiModel.swift */; };
		503D79032A1CA2D70096BC45 /* Constants.swift in Sources */ = {isa = PBXBuildFile; fileRef = 503D79022A1CA2D70096BC45 /* Constants.swift */; };
/* End PBXBuildFile section */

/* Begin PBXContainerItemProxy section */
		503D78D52A1C87B50096BC45 /* PBXContainerItemProxy */ = {
			isa = PBXContainerItemProxy;
			containerPortal = 503D78BC2A1C87AF0096BC45 /* Project object */;
			proxyType = 1;
			remoteGlobalIDString = 503D78C32A1C87AF0096BC45;
			remoteInfo = SwiftUIDemo;
		};
		503D78DF2A1C87B50096BC45 /* PBXContainerItemProxy */ = {
			isa = PBXContainerItemProxy;
			containerPortal = 503D78BC2A1C87AF0096BC45 /* Project object */;
			proxyType = 1;
			remoteGlobalIDString = 503D78C32A1C87AF0096BC45;
			remoteInfo = SwiftUIDemo;
		};
/* End PBXContainerItemProxy section */

/* Begin PBXFileReference section */
		503D78C42A1C87AF0096BC45 /* SwiftUIDemo.app */ = {isa = PBXFileReference; explicitFileType = wrapper.application; includeInIndex = 0; path = SwiftUIDemo.app; sourceTree = BUILT_PRODUCTS_DIR; };
		503D78C72A1C87AF0096BC45 /* SwiftUIDemoApp.swift */ = {isa = PBXFileReference; lastKnownFileType = sourcecode.swift; path = SwiftUIDemoApp.swift; sourceTree = "<group>"; };
		503D78C92A1C87AF0096BC45 /* ContentView.swift */ = {isa = PBXFileReference; lastKnownFileType = sourcecode.swift; path = ContentView.swift; sourceTree = "<group>"; };
		503D78CB2A1C87B40096BC45 /* Assets.xcassets */ = {isa = PBXFileReference; lastKnownFileType = folder.assetcatalog; path = Assets.xcassets; sourceTree = "<group>"; };
		503D78CE2A1C87B40096BC45 /* Preview Assets.xcassets */ = {isa = PBXFileReference; lastKnownFileType = folder.assetcatalog; path = "Preview Assets.xcassets"; sourceTree = "<group>"; };
		503D78D42A1C87B50096BC45 /* SwiftUIDemoTests.xctest */ = {isa = PBXFileReference; explicitFileType = wrapper.cfbundle; includeInIndex = 0; path = SwiftUIDemoTests.xctest; sourceTree = BUILT_PRODUCTS_DIR; };
		503D78D82A1C87B50096BC45 /* SwiftUIDemoTests.swift */ = {isa = PBXFileReference; lastKnownFileType = sourcecode.swift; path = SwiftUIDemoTests.swift; sourceTree = "<group>"; };
		503D78DE2A1C87B50096BC45 /* SwiftUIDemoUITests.xctest */ = {isa = PBXFileReference; explicitFileType = wrapper.cfbundle; includeInIndex = 0; path = SwiftUIDemoUITests.xctest; sourceTree = BUILT_PRODUCTS_DIR; };
		503D78E22A1C87B50096BC45 /* SwiftUIDemoUITests.swift */ = {isa = PBXFileReference; lastKnownFileType = sourcecode.swift; path = SwiftUIDemoUITests.swift; sourceTree = "<group>"; };
		503D78E42A1C87B50096BC45 /* SwiftUIDemoUITestsLaunchTests.swift */ = {isa = PBXFileReference; lastKnownFileType = sourcecode.swift; path = SwiftUIDemoUITestsLaunchTests.swift; sourceTree = "<group>"; };
		503D78F12A1C8C6A0096BC45 /* LoginScreen.swift */ = {isa = PBXFileReference; lastKnownFileType = sourcecode.swift; path = LoginScreen.swift; sourceTree = "<group>"; };
		503D78F42A1C8DD40096BC45 /* TabBarView.swift */ = {isa = PBXFileReference; lastKnownFileType = sourcecode.swift; path = TabBarView.swift; sourceTree = "<group>"; };
		503D78F62A1C8F700096BC45 /* DashboardView.swift */ = {isa = PBXFileReference; lastKnownFileType = sourcecode.swift; path = DashboardView.swift; sourceTree = "<group>"; };
		503D78F82A1C8F8A0096BC45 /* ListView.swift */ = {isa = PBXFileReference; lastKnownFileType = sourcecode.swift; path = ListView.swift; sourceTree = "<group>"; };
		503D78FB2A1C8FAD0096BC45 /* AboutUsView.swift */ = {isa = PBXFileReference; lastKnownFileType = sourcecode.swift; path = AboutUsView.swift; sourceTree = "<group>"; };
		503D78FE2A1C97B90096BC45 /* UniversityModel.swift */ = {isa = PBXFileReference; lastKnownFileType = sourcecode.swift; path = UniversityModel.swift; sourceTree = "<group>"; };
		503D79002A1C9B6D0096BC45 /* ApiModel.swift */ = {isa = PBXFileReference; lastKnownFileType = sourcecode.swift; path = ApiModel.swift; sourceTree = "<group>"; };
		503D79022A1CA2D70096BC45 /* Constants.swift */ = {isa = PBXFileReference; lastKnownFileType = sourcecode.swift; path = Constants.swift; sourceTree = "<group>"; };
/* End PBXFileReference section */

/* Begin PBXFrameworksBuildPhase section */
		503D78C12A1C87AF0096BC45 /* Frameworks */ = {
			isa = PBXFrameworksBuildPhase;
			buildActionMask = 2147483647;
			files = (
			);
			runOnlyForDeploymentPostprocessing = 0;
		};
		503D78D12A1C87B50096BC45 /* Frameworks */ = {
			isa = PBXFrameworksBuildPhase;
			buildActionMask = 2147483647;
			files = (
			);
			runOnlyForDeploymentPostprocessing = 0;
		};
		503D78DB2A1C87B50096BC45 /* Frameworks */ = {
			isa = PBXFrameworksBuildPhase;
			buildActionMask = 2147483647;
			files = (
			);
			runOnlyForDeploymentPostprocessing = 0;
		};
/* End PBXFrameworksBuildPhase section */

/* Begin PBXGroup section */
		503D78BB2A1C87AF0096BC45 = {
			isa = PBXGroup;
			children = (
				503D78C62A1C87AF0096BC45 /* SwiftUIDemo */,
				503D78D72A1C87B50096BC45 /* SwiftUIDemoTests */,
				503D78E12A1C87B50096BC45 /* SwiftUIDemoUITests */,
				503D78C52A1C87AF0096BC45 /* Products */,
			);
			sourceTree = "<group>";
		};
		503D78C52A1C87AF0096BC45 /* Products */ = {
			isa = PBXGroup;
			children = (
				503D78C42A1C87AF0096BC45 /* SwiftUIDemo.app */,
				503D78D42A1C87B50096BC45 /* SwiftUIDemoTests.xctest */,
				503D78DE2A1C87B50096BC45 /* SwiftUIDemoUITests.xctest */,
			);
			name = Products;
			sourceTree = "<group>";
		};
		503D78C62A1C87AF0096BC45 /* SwiftUIDemo */ = {
			isa = PBXGroup;
			children = (
				503D78C72A1C87AF0096BC45 /* SwiftUIDemoApp.swift */,
				503D78C92A1C87AF0096BC45 /* ContentView.swift */,
				503D79022A1CA2D70096BC45 /* Constants.swift */,
				503D78F12A1C8C6A0096BC45 /* LoginScreen.swift */,
				503D78F32A1C8DB00096BC45 /* TabBarScreen */,
				503D78FD2A1C978F0096BC45 /* Models */,
				503D78CB2A1C87B40096BC45 /* Assets.xcassets */,
				503D78CD2A1C87B40096BC45 /* Preview Content */,
			);
			path = SwiftUIDemo;
			sourceTree = "<group>";
		};
		503D78CD2A1C87B40096BC45 /* Preview Content */ = {
			isa = PBXGroup;
			children = (
				503D78CE2A1C87B40096BC45 /* Preview Assets.xcassets */,
			);
			path = "Preview Content";
			sourceTree = "<group>";
		};
		503D78D72A1C87B50096BC45 /* SwiftUIDemoTests */ = {
			isa = PBXGroup;
			children = (
				503D78D82A1C87B50096BC45 /* SwiftUIDemoTests.swift */,
			);
			path = SwiftUIDemoTests;
			sourceTree = "<group>";
		};
		503D78E12A1C87B50096BC45 /* SwiftUIDemoUITests */ = {
			isa = PBXGroup;
			children = (
				503D78E22A1C87B50096BC45 /* SwiftUIDemoUITests.swift */,
				503D78E42A1C87B50096BC45 /* SwiftUIDemoUITestsLaunchTests.swift */,
			);
			path = SwiftUIDemoUITests;
			sourceTree = "<group>";
		};
		503D78F32A1C8DB00096BC45 /* TabBarScreen */ = {
			isa = PBXGroup;
			children = (
				503D78F42A1C8DD40096BC45 /* TabBarView.swift */,
				503D78F62A1C8F700096BC45 /* DashboardView.swift */,
				503D78F82A1C8F8A0096BC45 /* ListView.swift */,
				503D78FB2A1C8FAD0096BC45 /* AboutUsView.swift */,
			);
			path = TabBarScreen;
			sourceTree = "<group>";
		};
		503D78FD2A1C978F0096BC45 /* Models */ = {
			isa = PBXGroup;
			children = (
				503D78FE2A1C97B90096BC45 /* UniversityModel.swift */,
				503D79002A1C9B6D0096BC45 /* ApiModel.swift */,
			);
			path = Models;
			sourceTree = "<group>";
		};
/* End PBXGroup section */

/* Begin PBXNativeTarget section */
		503D78C32A1C87AF0096BC45 /* SwiftUIDemo */ = {
			isa = PBXNativeTarget;
			buildConfigurationList = 503D78E82A1C87B50096BC45 /* Build configuration list for PBXNativeTarget "SwiftUIDemo" */;
			buildPhases = (
				503D78C02A1C87AF0096BC45 /* Sources */,
				503D78C12A1C87AF0096BC45 /* Frameworks */,
				503D78C22A1C87AF0096BC45 /* Resources */,
			);
			buildRules = (
			);
			dependencies = (
			);
			name = SwiftUIDemo;
			productName = SwiftUIDemo;
			productReference = 503D78C42A1C87AF0096BC45 /* SwiftUIDemo.app */;
			productType = "com.apple.product-type.application";
		};
		503D78D32A1C87B50096BC45 /* SwiftUIDemoTests */ = {
			isa = PBXNativeTarget;
			buildConfigurationList = 503D78EB2A1C87B50096BC45 /* Build configuration list for PBXNativeTarget "SwiftUIDemoTests" */;
			buildPhases = (
				503D78D02A1C87B50096BC45 /* Sources */,
				503D78D12A1C87B50096BC45 /* Frameworks */,
				503D78D22A1C87B50096BC45 /* Resources */,
			);
			buildRules = (
			);
			dependencies = (
				503D78D62A1C87B50096BC45 /* PBXTargetDependency */,
			);
			name = SwiftUIDemoTests;
			productName = SwiftUIDemoTests;
			productReference = 503D78D42A1C87B50096BC45 /* SwiftUIDemoTests.xctest */;
			productType = "com.apple.product-type.bundle.unit-test";
		};
		503D78DD2A1C87B50096BC45 /* SwiftUIDemoUITests */ = {
			isa = PBXNativeTarget;
			buildConfigurationList = 503D78EE2A1C87B50096BC45 /* Build configuration list for PBXNativeTarget "SwiftUIDemoUITests" */;
			buildPhases = (
				503D78DA2A1C87B50096BC45 /* Sources */,
				503D78DB2A1C87B50096BC45 /* Frameworks */,
				503D78DC2A1C87B50096BC45 /* Resources */,
			);
			buildRules = (
			);
			dependencies = (
				503D78E02A1C87B50096BC45 /* PBXTargetDependency */,
			);
			name = SwiftUIDemoUITests;
			productName = SwiftUIDemoUITests;
			productReference = 503D78DE2A1C87B50096BC45 /* SwiftUIDemoUITests.xctest */;
			productType = "com.apple.product-type.bundle.ui-testing";
		};
/* End PBXNativeTarget section */

/* Begin PBXProject section */
		503D78BC2A1C87AF0096BC45 /* Project object */ = {
			isa = PBXProject;
			attributes = {
				BuildIndependentTargetsInParallel = 1;
				LastSwiftUpdateCheck = 1340;
				LastUpgradeCheck = 1340;
				TargetAttributes = {
					503D78C32A1C87AF0096BC45 = {
						CreatedOnToolsVersion = 13.4.1;
					};
					503D78D32A1C87B50096BC45 = {
						CreatedOnToolsVersion = 13.4.1;
						TestTargetID = 503D78C32A1C87AF0096BC45;
					};
					503D78DD2A1C87B50096BC45 = {
						CreatedOnToolsVersion = 13.4.1;
						TestTargetID = 503D78C32A1C87AF0096BC45;
					};
				};
			};
			buildConfigurationList = 503D78BF2A1C87AF0096BC45 /* Build configuration list for PBXProject "SwiftUIDemo" */;
			compatibilityVersion = "Xcode 13.0";
			developmentRegion = en;
			hasScannedForEncodings = 0;
			knownRegions = (
				en,
				Base,
			);
			mainGroup = 503D78BB2A1C87AF0096BC45;
			productRefGroup = 503D78C52A1C87AF0096BC45 /* Products */;
			projectDirPath = "";
			projectRoot = "";
			targets = (
				503D78C32A1C87AF0096BC45 /* SwiftUIDemo */,
				503D78D32A1C87B50096BC45 /* SwiftUIDemoTests */,
				503D78DD2A1C87B50096BC45 /* SwiftUIDemoUITests */,
			);
		};
/* End PBXProject section */

/* Begin PBXResourcesBuildPhase section */
		503D78C22A1C87AF0096BC45 /* Resources */ = {
			isa = PBXResourcesBuildPhase;
			buildActionMask = 2147483647;
			files = (
				503D78CF2A1C87B40096BC45 /* Preview Assets.xcassets in Resources */,
				503D78CC2A1C87B40096BC45 /* Assets.xcassets in Resources */,
			);
			runOnlyForDeploymentPostprocessing = 0;
		};
		503D78D22A1C87B50096BC45 /* Resources */ = {
			isa = PBXResourcesBuildPhase;
			buildActionMask = 2147483647;
			files = (
			);
			runOnlyForDeploymentPostprocessing = 0;
		};
		503D78DC2A1C87B50096BC45 /* Resources */ = {
			isa = PBXResourcesBuildPhase;
			buildActionMask = 2147483647;
			files = (
			);
			runOnlyForDeploymentPostprocessing = 0;
		};
/* End PBXResourcesBuildPhase section */

/* Begin PBXSourcesBuildPhase section */
		503D78C02A1C87AF0096BC45 /* Sources */ = {
			isa = PBXSourcesBuildPhase;
			buildActionMask = 2147483647;
			files = (
				503D78CA2A1C87AF0096BC45 /* ContentView.swift in Sources */,
				503D78F22A1C8C6A0096BC45 /* LoginScreen.swift in Sources */,
				503D78F92A1C8F8A0096BC45 /* ListView.swift in Sources */,
				503D78FF2A1C97B90096BC45 /* UniversityModel.swift in Sources */,
				503D78F72A1C8F700096BC45 /* DashboardView.swift in Sources */,
				503D79032A1CA2D70096BC45 /* Constants.swift in Sources */,
				503D78F52A1C8DD40096BC45 /* TabBarView.swift in Sources */,
				503D78C82A1C87AF0096BC45 /* SwiftUIDemoApp.swift in Sources */,
				503D79012A1C9B6D0096BC45 /* ApiModel.swift in Sources */,
				503D78FC2A1C8FAD0096BC45 /* AboutUsView.swift in Sources */,
			);
			runOnlyForDeploymentPostprocessing = 0;
		};
		503D78D02A1C87B50096BC45 /* Sources */ = {
			isa = PBXSourcesBuildPhase;
			buildActionMask = 2147483647;
			files = (
				503D78D92A1C87B50096BC45 /* SwiftUIDemoTests.swift in Sources */,
			);
			runOnlyForDeploymentPostprocessing = 0;
		};
		503D78DA2A1C87B50096BC45 /* Sources */ = {
			isa = PBXSourcesBuildPhase;
			buildActionMask = 2147483647;
			files = (
				503D78E32A1C87B50096BC45 /* SwiftUIDemoUITests.swift in Sources */,
				503D78E52A1C87B50096BC45 /* SwiftUIDemoUITestsLaunchTests.swift in Sources */,
			);
			runOnlyForDeploymentPostprocessing = 0;
		};
/* End PBXSourcesBuildPhase section */

/* Begin PBXTargetDependency section */
		503D78D62A1C87B50096BC45 /* PBXTargetDependency */ = {
			isa = PBXTargetDependency;
			target = 503D78C32A1C87AF0096BC45 /* SwiftUIDemo */;
			targetProxy = 503D78D52A1C87B50096BC45 /* PBXContainerItemProxy */;
		};
		503D78E02A1C87B50096BC45 /* PBXTargetDependency */ = {
			isa = PBXTargetDependency;
			target = 503D78C32A1C87AF0096BC45 /* SwiftUIDemo */;
			targetProxy = 503D78DF2A1C87B50096BC45 /* PBXContainerItemProxy */;
		};
/* End PBXTargetDependency section */

/* Begin XCBuildConfiguration section */
		503D78E62A1C87B50096BC45 /* Debug */ = {
			isa = XCBuildConfiguration;
			buildSettings = {
				ALWAYS_SEARCH_USER_PATHS = NO;
				CLANG_ANALYZER_NONNULL = YES;
				CLANG_ANALYZER_NUMBER_OBJECT_CONVERSION = YES_AGGRESSIVE;
				CLANG_CXX_LANGUAGE_STANDARD = "gnu++17";
				CLANG_ENABLE_MODULES = YES;
				CLANG_ENABLE_OBJC_ARC = YES;
				CLANG_ENABLE_OBJC_WEAK = YES;
				CLANG_WARN_BLOCK_CAPTURE_AUTORELEASING = YES;
				CLANG_WARN_BOOL_CONVERSION = YES;
				CLANG_WARN_COMMA = YES;
				CLANG_WARN_CONSTANT_CONVERSION = YES;
				CLANG_WARN_DEPRECATED_OBJC_IMPLEMENTATIONS = YES;
				CLANG_WARN_DIRECT_OBJC_ISA_USAGE = YES_ERROR;
				CLANG_WARN_DOCUMENTATION_COMMENTS = YES;
				CLANG_WARN_EMPTY_BODY = YES;
				CLANG_WARN_ENUM_CONVERSION = YES;
				CLANG_WARN_INFINITE_RECURSION = YES;
				CLANG_WARN_INT_CONVERSION = YES;
				CLANG_WARN_NON_LITERAL_NULL_CONVERSION = YES;
				CLANG_WARN_OBJC_IMPLICIT_RETAIN_SELF = YES;
				CLANG_WARN_OBJC_LITERAL_CONVERSION = YES;
				CLANG_WARN_OBJC_ROOT_CLASS = YES_ERROR;
				CLANG_WARN_QUOTED_INCLUDE_IN_FRAMEWORK_HEADER = YES;
				CLANG_WARN_RANGE_LOOP_ANALYSIS = YES;
				CLANG_WARN_STRICT_PROTOTYPES = YES;
				CLANG_WARN_SUSPICIOUS_MOVE = YES;
				CLANG_WARN_UNGUARDED_AVAILABILITY = YES_AGGRESSIVE;
				CLANG_WARN_UNREACHABLE_CODE = YES;
				CLANG_WARN__DUPLICATE_METHOD_MATCH = YES;
				COPY_PHASE_STRIP = NO;
				DEBUG_INFORMATION_FORMAT = dwarf;
				ENABLE_STRICT_OBJC_MSGSEND = YES;
				ENABLE_TESTABILITY = YES;
				GCC_C_LANGUAGE_STANDARD = gnu11;
				GCC_DYNAMIC_NO_PIC = NO;
				GCC_NO_COMMON_BLOCKS = YES;
				GCC_OPTIMIZATION_LEVEL = 0;
				GCC_PREPROCESSOR_DEFINITIONS = (
					"DEBUG=1",
					"$(inherited)",
				);
				GCC_WARN_64_TO_32_BIT_CONVERSION = YES;
				GCC_WARN_ABOUT_RETURN_TYPE = YES_ERROR;
				GCC_WARN_UNDECLARED_SELECTOR = YES;
				GCC_WARN_UNINITIALIZED_AUTOS = YES_AGGRESSIVE;
				GCC_WARN_UNUSED_FUNCTION = YES;
				GCC_WARN_UNUSED_VARIABLE = YES;
				IPHONEOS_DEPLOYMENT_TARGET = 15.5;
				MTL_ENABLE_DEBUG_INFO = INCLUDE_SOURCE;
				MTL_FAST_MATH = YES;
				ONLY_ACTIVE_ARCH = YES;
				SDKROOT = iphoneos;
				SWIFT_ACTIVE_COMPILATION_CONDITIONS = DEBUG;
				SWIFT_OPTIMIZATION_LEVEL = "-Onone";
			};
			name = Debug;
		};
		503D78E72A1C87B50096BC45 /* Release */ = {
			isa = XCBuildConfiguration;
			buildSettings = {
				ALWAYS_SEARCH_USER_PATHS = NO;
				CLANG_ANALYZER_NONNULL = YES;
				CLANG_ANALYZER_NUMBER_OBJECT_CONVERSION = YES_AGGRESSIVE;
				CLANG_CXX_LANGUAGE_STANDARD = "gnu++17";
				CLANG_ENABLE_MODULES = YES;
				CLANG_ENABLE_OBJC_ARC = YES;
				CLANG_ENABLE_OBJC_WEAK = YES;
				CLANG_WARN_BLOCK_CAPTURE_AUTORELEASING = YES;
				CLANG_WARN_BOOL_CONVERSION = YES;
				CLANG_WARN_COMMA = YES;
				CLANG_WARN_CONSTANT_CONVERSION = YES;
				CLANG_WARN_DEPRECATED_OBJC_IMPLEMENTATIONS = YES;
				CLANG_WARN_DIRECT_OBJC_ISA_USAGE = YES_ERROR;
				CLANG_WARN_DOCUMENTATION_COMMENTS = YES;
				CLANG_WARN_EMPTY_BODY = YES;
				CLANG_WARN_ENUM_CONVERSION = YES;
				CLANG_WARN_INFINITE_RECURSION = YES;
				CLANG_WARN_INT_CONVERSION = YES;
				CLANG_WARN_NON_LITERAL_NULL_CONVERSION = YES;
				CLANG_WARN_OBJC_IMPLICIT_RETAIN_SELF = YES;
				CLANG_WARN_OBJC_LITERAL_CONVERSION = YES;
				CLANG_WARN_OBJC_ROOT_CLASS = YES_ERROR;
				CLANG_WARN_QUOTED_INCLUDE_IN_FRAMEWORK_HEADER = YES;
				CLANG_WARN_RANGE_LOOP_ANALYSIS = YES;
				CLANG_WARN_STRICT_PROTOTYPES = YES;
				CLANG_WARN_SUSPICIOUS_MOVE = YES;
				CLANG_WARN_UNGUARDED_AVAILABILITY = YES_AGGRESSIVE;
				CLANG_WARN_UNREACHABLE_CODE = YES;
				CLANG_WARN__DUPLICATE_METHOD_MATCH = YES;
				COPY_PHASE_STRIP = NO;
				DEBUG_INFORMATION_FORMAT = "dwarf-with-dsym";
				ENABLE_NS_ASSERTIONS = NO;
				ENABLE_STRICT_OBJC_MSGSEND = YES;
				GCC_C_LANGUAGE_STANDARD = gnu11;
				GCC_NO_COMMON_BLOCKS = YES;
				GCC_WARN_64_TO_32_BIT_CONVERSION = YES;
				GCC_WARN_ABOUT_RETURN_TYPE = YES_ERROR;
				GCC_WARN_UNDECLARED_SELECTOR = YES;
				GCC_WARN_UNINITIALIZED_AUTOS = YES_AGGRESSIVE;
				GCC_WARN_UNUSED_FUNCTION = YES;
				GCC_WARN_UNUSED_VARIABLE = YES;
				IPHONEOS_DEPLOYMENT_TARGET = 15.5;
				MTL_ENABLE_DEBUG_INFO = NO;
				MTL_FAST_MATH = YES;
				SDKROOT = iphoneos;
				SWIFT_COMPILATION_MODE = wholemodule;
				SWIFT_OPTIMIZATION_LEVEL = "-O";
				VALIDATE_PRODUCT = YES;
			};
			name = Release;
		};
		503D78E92A1C87B50096BC45 /* Debug */ = {
			isa = XCBuildConfiguration;
			buildSettings = {
				ASSETCATALOG_COMPILER_APPICON_NAME = AppIcon;
				ASSETCATALOG_COMPILER_GLOBAL_ACCENT_COLOR_NAME = AccentColor;
				CODE_SIGN_STYLE = Automatic;
				CURRENT_PROJECT_VERSION = 1;
				DEVELOPMENT_ASSET_PATHS = "\"SwiftUIDemo/Preview Content\"";
				ENABLE_PREVIEWS = YES;
				GENERATE_INFOPLIST_FILE = YES;
				INFOPLIST_KEY_UIApplicationSceneManifest_Generation = YES;
				INFOPLIST_KEY_UIApplicationSupportsIndirectInputEvents = YES;
				INFOPLIST_KEY_UILaunchScreen_Generation = YES;
				INFOPLIST_KEY_UISupportedInterfaceOrientations_iPad = "UIInterfaceOrientationPortrait UIInterfaceOrientationPortraitUpsideDown UIInterfaceOrientationLandscapeLeft UIInterfaceOrientationLandscapeRight";
				INFOPLIST_KEY_UISupportedInterfaceOrientations_iPhone = "UIInterfaceOrientationPortrait UIInterfaceOrientationLandscapeLeft UIInterfaceOrientationLandscapeRight";
				LD_RUNPATH_SEARCH_PATHS = (
					"$(inherited)",
					"@executable_path/Frameworks",
				);
				MARKETING_VERSION = 1.0;
				PRODUCT_BUNDLE_IDENTIFIER = "Kah-Services.SwiftUIDemo";
				PRODUCT_NAME = "$(TARGET_NAME)";
				SWIFT_EMIT_LOC_STRINGS = YES;
				SWIFT_VERSION = 5.0;
				TARGETED_DEVICE_FAMILY = "1,2";
			};
			name = Debug;
		};
		503D78EA2A1C87B50096BC45 /* Release */ = {
			isa = XCBuildConfiguration;
			buildSettings = {
				ASSETCATALOG_COMPILER_APPICON_NAME = AppIcon;
				ASSETCATALOG_COMPILER_GLOBAL_ACCENT_COLOR_NAME = AccentColor;
				CODE_SIGN_STYLE = Automatic;
				CURRENT_PROJECT_VERSION = 1;
				DEVELOPMENT_ASSET_PATHS = "\"SwiftUIDemo/Preview Content\"";
				ENABLE_PREVIEWS = YES;
				GENERATE_INFOPLIST_FILE = YES;
				INFOPLIST_KEY_UIApplicationSceneManifest_Generation = YES;
				INFOPLIST_KEY_UIApplicationSupportsIndirectInputEvents = YES;
				INFOPLIST_KEY_UILaunchScreen_Generation = YES;
				INFOPLIST_KEY_UISupportedInterfaceOrientations_iPad = "UIInterfaceOrientationPortrait UIInterfaceOrientationPortraitUpsideDown UIInterfaceOrientationLandscapeLeft UIInterfaceOrientationLandscapeRight";
				INFOPLIST_KEY_UISupportedInterfaceOrientations_iPhone = "UIInterfaceOrientationPortrait UIInterfaceOrientationLandscapeLeft UIInterfaceOrientationLandscapeRight";
				LD_RUNPATH_SEARCH_PATHS = (
					"$(inherited)",
					"@executable_path/Frameworks",
				);
				MARKETING_VERSION = 1.0;
				PRODUCT_BUNDLE_IDENTIFIER = "Kah-Services.SwiftUIDemo";
				PRODUCT_NAME = "$(TARGET_NAME)";
				SWIFT_EMIT_LOC_STRINGS = YES;
				SWIFT_VERSION = 5.0;
				TARGETED_DEVICE_FAMILY = "1,2";
			};
			name = Release;
		};
		503D78EC2A1C87B50096BC45 /* Debug */ = {
			isa = XCBuildConfiguration;
			buildSettings = {
				ALWAYS_EMBED_SWIFT_STANDARD_LIBRARIES = YES;
				BUNDLE_LOADER = "$(TEST_HOST)";
				CODE_SIGN_STYLE = Automatic;
				CURRENT_PROJECT_VERSION = 1;
				GENERATE_INFOPLIST_FILE = YES;
				IPHONEOS_DEPLOYMENT_TARGET = 15.5;
				MARKETING_VERSION = 1.0;
				PRODUCT_BUNDLE_IDENTIFIER = "Kah-Services.SwiftUIDemoTests";
				PRODUCT_NAME = "$(TARGET_NAME)";
				SWIFT_EMIT_LOC_STRINGS = NO;
				SWIFT_VERSION = 5.0;
				TARGETED_DEVICE_FAMILY = "1,2";
				TEST_HOST = "$(BUILT_PRODUCTS_DIR)/SwiftUIDemo.app/SwiftUIDemo";
			};
			name = Debug;
		};
		503D78ED2A1C87B50096BC45 /* Release */ = {
			isa = XCBuildConfiguration;
			buildSettings = {
				ALWAYS_EMBED_SWIFT_STANDARD_LIBRARIES = YES;
				BUNDLE_LOADER = "$(TEST_HOST)";
				CODE_SIGN_STYLE = Automatic;
				CURRENT_PROJECT_VERSION = 1;
				GENERATE_INFOPLIST_FILE = YES;
				IPHONEOS_DEPLOYMENT_TARGET = 15.5;
				MARKETING_VERSION = 1.0;
				PRODUCT_BUNDLE_IDENTIFIER = "Kah-Services.SwiftUIDemoTests";
				PRODUCT_NAME = "$(TARGET_NAME)";
				SWIFT_EMIT_LOC_STRINGS = NO;
				SWIFT_VERSION = 5.0;
				TARGETED_DEVICE_FAMILY = "1,2";
				TEST_HOST = "$(BUILT_PRODUCTS_DIR)/SwiftUIDemo.app/SwiftUIDemo";
			};
			name = Release;
		};
		503D78EF2A1C87B50096BC45 /* Debug */ = {
			isa = XCBuildConfiguration;
			buildSettings = {
				ALWAYS_EMBED_SWIFT_STANDARD_LIBRARIES = YES;
				CODE_SIGN_STYLE = Automatic;
				CURRENT_PROJECT_VERSION = 1;
				GENERATE_INFOPLIST_FILE = YES;
				MARKETING_VERSION = 1.0;
				PRODUCT_BUNDLE_IDENTIFIER = "Kah-Services.SwiftUIDemoUITests";
				PRODUCT_NAME = "$(TARGET_NAME)";
				SWIFT_EMIT_LOC_STRINGS = NO;
				SWIFT_VERSION = 5.0;
				TARGETED_DEVICE_FAMILY = "1,2";
				TEST_TARGET_NAME = SwiftUIDemo;
			};
			name = Debug;
		};
		503D78F02A1C87B50096BC45 /* Release */ = {
			isa = XCBuildConfiguration;
			buildSettings = {
				ALWAYS_EMBED_SWIFT_STANDARD_LIBRARIES = YES;
				CODE_SIGN_STYLE = Automatic;
				CURRENT_PROJECT_VERSION = 1;
				GENERATE_INFOPLIST_FILE = YES;
				MARKETING_VERSION = 1.0;
				PRODUCT_BUNDLE_IDENTIFIER = "Kah-Services.SwiftUIDemoUITests";
				PRODUCT_NAME = "$(TARGET_NAME)";
				SWIFT_EMIT_LOC_STRINGS = NO;
				SWIFT_VERSION = 5.0;
				TARGETED_DEVICE_FAMILY = "1,2";
				TEST_TARGET_NAME = SwiftUIDemo;
			};
			name = Release;
		};
/* End XCBuildConfiguration section */

/* Begin XCConfigurationList section */
		503D78BF2A1C87AF0096BC45 /* Build configuration list for PBXProject "SwiftUIDemo" */ = {
			isa = XCConfigurationList;
			buildConfigurations = (
				503D78E62A1C87B50096BC45 /* Debug */,
				503D78E72A1C87B50096BC45 /* Release */,
			);
			defaultConfigurationIsVisible = 0;
			defaultConfigurationName = Release;
		};
		503D78E82A1C87B50096BC45 /* Build configuration list for PBXNativeTarget "SwiftUIDemo" */ = {
			isa = XCConfigurationList;
			buildConfigurations = (
				503D78E92A1C87B50096BC45 /* Debug */,
				503D78EA2A1C87B50096BC45 /* Release */,
			);
			defaultConfigurationIsVisible = 0;
			defaultConfigurationName = Release;
		};
		503D78EB2A1C87B50096BC45 /* Build configuration list for PBXNativeTarget "SwiftUIDemoTests" */ = {
			isa = XCConfigurationList;
			buildConfigurations = (
				503D78EC2A1C87B50096BC45 /* Debug */,
				503D78ED2A1C87B50096BC45 /* Release */,
			);
			defaultConfigurationIsVisible = 0;
			defaultConfigurationName = Release;
		};
		503D78EE2A1C87B50096BC45 /* Build configuration list for PBXNativeTarget "SwiftUIDemoUITests" */ = {
			isa = XCConfigurationList;
			buildConfigurations = (
				503D78EF2A1C87B50096BC45 /* Debug */,
				503D78F02A1C87B50096BC45 /* Release */,
			);
			defaultConfigurationIsVisible = 0;
			defaultConfigurationName = Release;
		};
/* End XCConfigurationList section */
	};
	rootObject = 503D78BC2A1C87AF0096BC45 /* Project object */;
}
