// !$*UTF8*$!
{
	archiveVersion = 1;
	classes = {
	};
	objectVersion = 55;
	objects = {

/* Begin PBXBuildFile section */
		508BB9A72A27486C003DCC12 /* SnakeGame_SwiftUIApp.swift in Sources */ = {isa = PBXBuildFile; fileRef = 508BB9A62A27486C003DCC12 /* SnakeGame_SwiftUIApp.swift */; };
		508BB9A92A27486C003DCC12 /* ContentView.swift in Sources */ = {isa = PBXBuildFile; fileRef = 508BB9A82A27486C003DCC12 /* ContentView.swift */; };
		508BB9AB2A274871003DCC12 /* Assets.xcassets in Resources */ = {isa = PBXBuildFile; fileRef = 508BB9AA2A274871003DCC12 /* Assets.xcassets */; };
		508BB9AE2A274871003DCC12 /* Preview Assets.xcassets in Resources */ = {isa = PBXBuildFile; fileRef = 508BB9AD2A274871003DCC12 /* Preview Assets.xcassets */; };
		508BB9B82A274872003DCC12 /* SnakeGame_SwiftUITests.swift in Sources */ = {isa = PBXBuildFile; fileRef = 508BB9B72A274872003DCC12 /* SnakeGame_SwiftUITests.swift */; };
		508BB9C22A274872003DCC12 /* SnakeGame_SwiftUIUITests.swift in Sources */ = {isa = PBXBuildFile; fileRef = 508BB9C12A274872003DCC12 /* SnakeGame_SwiftUIUITests.swift */; };
		508BB9C42A274872003DCC12 /* SnakeGame_SwiftUIUITestsLaunchTests.swift in Sources */ = {isa = PBXBuildFile; fileRef = 508BB9C32A274872003DCC12 /* SnakeGame_SwiftUIUITestsLaunchTests.swift */; };
/* End PBXBuildFile section */

/* Begin PBXContainerItemProxy section */
		508BB9B42A274872003DCC12 /* PBXContainerItemProxy */ = {
			isa = PBXContainerItemProxy;
			containerPortal = 508BB99B2A27486C003DCC12 /* Project object */;
			proxyType = 1;
			remoteGlobalIDString = 508BB9A22A27486C003DCC12;
			remoteInfo = SnakeGame_SwiftUI;
		};
		508BB9BE2A274872003DCC12 /* PBXContainerItemProxy */ = {
			isa = PBXContainerItemProxy;
			containerPortal = 508BB99B2A27486C003DCC12 /* Project object */;
			proxyType = 1;
			remoteGlobalIDString = 508BB9A22A27486C003DCC12;
			remoteInfo = SnakeGame_SwiftUI;
		};
/* End PBXContainerItemProxy section */

/* Begin PBXFileReference section */
		508BB9A32A27486C003DCC12 /* SnakeGame_SwiftUI.app */ = {isa = PBXFileReference; explicitFileType = wrapper.application; includeInIndex = 0; path = SnakeGame_SwiftUI.app; sourceTree = BUILT_PRODUCTS_DIR; };
		508BB9A62A27486C003DCC12 /* SnakeGame_SwiftUIApp.swift */ = {isa = PBXFileReference; lastKnownFileType = sourcecode.swift; path = SnakeGame_SwiftUIApp.swift; sourceTree = "<group>"; };
		508BB9A82A27486C003DCC12 /* ContentView.swift */ = {isa = PBXFileReference; lastKnownFileType = sourcecode.swift; path = ContentView.swift; sourceTree = "<group>"; };
		508BB9AA2A274871003DCC12 /* Assets.xcassets */ = {isa = PBXFileReference; lastKnownFileType = folder.assetcatalog; path = Assets.xcassets; sourceTree = "<group>"; };
		508BB9AD2A274871003DCC12 /* Preview Assets.xcassets */ = {isa = PBXFileReference; lastKnownFileType = folder.assetcatalog; path = "Preview Assets.xcassets"; sourceTree = "<group>"; };
		508BB9B32A274872003DCC12 /* SnakeGame_SwiftUITests.xctest */ = {isa = PBXFileReference; explicitFileType = wrapper.cfbundle; includeInIndex = 0; path = SnakeGame_SwiftUITests.xctest; sourceTree = BUILT_PRODUCTS_DIR; };
		508BB9B72A274872003DCC12 /* SnakeGame_SwiftUITests.swift */ = {isa = PBXFileReference; lastKnownFileType = sourcecode.swift; path = SnakeGame_SwiftUITests.swift; sourceTree = "<group>"; };
		508BB9BD2A274872003DCC12 /* SnakeGame_SwiftUIUITests.xctest */ = {isa = PBXFileReference; explicitFileType = wrapper.cfbundle; includeInIndex = 0; path = SnakeGame_SwiftUIUITests.xctest; sourceTree = BUILT_PRODUCTS_DIR; };
		508BB9C12A274872003DCC12 /* SnakeGame_SwiftUIUITests.swift */ = {isa = PBXFileReference; lastKnownFileType = sourcecode.swift; path = SnakeGame_SwiftUIUITests.swift; sourceTree = "<group>"; };
		508BB9C32A274872003DCC12 /* SnakeGame_SwiftUIUITestsLaunchTests.swift */ = {isa = PBXFileReference; lastKnownFileType = sourcecode.swift; path = SnakeGame_SwiftUIUITestsLaunchTests.swift; sourceTree = "<group>"; };
/* End PBXFileReference section */

/* Begin PBXFrameworksBuildPhase section */
		508BB9A02A27486C003DCC12 /* Frameworks */ = {
			isa = PBXFrameworksBuildPhase;
			buildActionMask = 2147483647;
			files = (
			);
			runOnlyForDeploymentPostprocessing = 0;
		};
		508BB9B02A274872003DCC12 /* Frameworks */ = {
			isa = PBXFrameworksBuildPhase;
			buildActionMask = 2147483647;
			files = (
			);
			runOnlyForDeploymentPostprocessing = 0;
		};
		508BB9BA2A274872003DCC12 /* Frameworks */ = {
			isa = PBXFrameworksBuildPhase;
			buildActionMask = 2147483647;
			files = (
			);
			runOnlyForDeploymentPostprocessing = 0;
		};
/* End PBXFrameworksBuildPhase section */

/* Begin PBXGroup section */
		508BB99A2A27486C003DCC12 = {
			isa = PBXGroup;
			children = (
				508BB9A52A27486C003DCC12 /* SnakeGame_SwiftUI */,
				508BB9B62A274872003DCC12 /* SnakeGame_SwiftUITests */,
				508BB9C02A274872003DCC12 /* SnakeGame_SwiftUIUITests */,
				508BB9A42A27486C003DCC12 /* Products */,
			);
			sourceTree = "<group>";
		};
		508BB9A42A27486C003DCC12 /* Products */ = {
			isa = PBXGroup;
			children = (
				508BB9A32A27486C003DCC12 /* SnakeGame_SwiftUI.app */,
				508BB9B32A274872003DCC12 /* SnakeGame_SwiftUITests.xctest */,
				508BB9BD2A274872003DCC12 /* SnakeGame_SwiftUIUITests.xctest */,
			);
			name = Products;
			sourceTree = "<group>";
		};
		508BB9A52A27486C003DCC12 /* SnakeGame_SwiftUI */ = {
			isa = PBXGroup;
			children = (
				508BB9A62A27486C003DCC12 /* SnakeGame_SwiftUIApp.swift */,
				508BB9A82A27486C003DCC12 /* ContentView.swift */,
				508BB9AA2A274871003DCC12 /* Assets.xcassets */,
				508BB9AC2A274871003DCC12 /* Preview Content */,
			);
			path = SnakeGame_SwiftUI;
			sourceTree = "<group>";
		};
		508BB9AC2A274871003DCC12 /* Preview Content */ = {
			isa = PBXGroup;
			children = (
				508BB9AD2A274871003DCC12 /* Preview Assets.xcassets */,
			);
			path = "Preview Content";
			sourceTree = "<group>";
		};
		508BB9B62A274872003DCC12 /* SnakeGame_SwiftUITests */ = {
			isa = PBXGroup;
			children = (
				508BB9B72A274872003DCC12 /* SnakeGame_SwiftUITests.swift */,
			);
			path = SnakeGame_SwiftUITests;
			sourceTree = "<group>";
		};
		508BB9C02A274872003DCC12 /* SnakeGame_SwiftUIUITests */ = {
			isa = PBXGroup;
			children = (
				508BB9C12A274872003DCC12 /* SnakeGame_SwiftUIUITests.swift */,
				508BB9C32A274872003DCC12 /* SnakeGame_SwiftUIUITestsLaunchTests.swift */,
			);
			path = SnakeGame_SwiftUIUITests;
			sourceTree = "<group>";
		};
/* End PBXGroup section */

/* Begin PBXNativeTarget section */
		508BB9A22A27486C003DCC12 /* SnakeGame_SwiftUI */ = {
			isa = PBXNativeTarget;
			buildConfigurationList = 508BB9C72A274872003DCC12 /* Build configuration list for PBXNativeTarget "SnakeGame_SwiftUI" */;
			buildPhases = (
				508BB99F2A27486C003DCC12 /* Sources */,
				508BB9A02A27486C003DCC12 /* Frameworks */,
				508BB9A12A27486C003DCC12 /* Resources */,
			);
			buildRules = (
			);
			dependencies = (
			);
			name = SnakeGame_SwiftUI;
			productName = SnakeGame_SwiftUI;
			productReference = 508BB9A32A27486C003DCC12 /* SnakeGame_SwiftUI.app */;
			productType = "com.apple.product-type.application";
		};
		508BB9B22A274872003DCC12 /* SnakeGame_SwiftUITests */ = {
			isa = PBXNativeTarget;
			buildConfigurationList = 508BB9CA2A274872003DCC12 /* Build configuration list for PBXNativeTarget "SnakeGame_SwiftUITests" */;
			buildPhases = (
				508BB9AF2A274872003DCC12 /* Sources */,
				508BB9B02A274872003DCC12 /* Frameworks */,
				508BB9B12A274872003DCC12 /* Resources */,
			);
			buildRules = (
			);
			dependencies = (
				508BB9B52A274872003DCC12 /* PBXTargetDependency */,
			);
			name = SnakeGame_SwiftUITests;
			productName = SnakeGame_SwiftUITests;
			productReference = 508BB9B32A274872003DCC12 /* SnakeGame_SwiftUITests.xctest */;
			productType = "com.apple.product-type.bundle.unit-test";
		};
		508BB9BC2A274872003DCC12 /* SnakeGame_SwiftUIUITests */ = {
			isa = PBXNativeTarget;
			buildConfigurationList = 508BB9CD2A274872003DCC12 /* Build configuration list for PBXNativeTarget "SnakeGame_SwiftUIUITests" */;
			buildPhases = (
				508BB9B92A274872003DCC12 /* Sources */,
				508BB9BA2A274872003DCC12 /* Frameworks */,
				508BB9BB2A274872003DCC12 /* Resources */,
			);
			buildRules = (
			);
			dependencies = (
				508BB9BF2A274872003DCC12 /* PBXTargetDependency */,
			);
			name = SnakeGame_SwiftUIUITests;
			productName = SnakeGame_SwiftUIUITests;
			productReference = 508BB9BD2A274872003DCC12 /* SnakeGame_SwiftUIUITests.xctest */;
			productType = "com.apple.product-type.bundle.ui-testing";
		};
/* End PBXNativeTarget section */

/* Begin PBXProject section */
		508BB99B2A27486C003DCC12 /* Project object */ = {
			isa = PBXProject;
			attributes = {
				BuildIndependentTargetsInParallel = 1;
				LastSwiftUpdateCheck = 1340;
				LastUpgradeCheck = 1340;
				TargetAttributes = {
					508BB9A22A27486C003DCC12 = {
						CreatedOnToolsVersion = 13.4.1;
					};
					508BB9B22A274872003DCC12 = {
						CreatedOnToolsVersion = 13.4.1;
						TestTargetID = 508BB9A22A27486C003DCC12;
					};
					508BB9BC2A274872003DCC12 = {
						CreatedOnToolsVersion = 13.4.1;
						TestTargetID = 508BB9A22A27486C003DCC12;
					};
				};
			};
			buildConfigurationList = 508BB99E2A27486C003DCC12 /* Build configuration list for PBXProject "SnakeGame_SwiftUI" */;
			compatibilityVersion = "Xcode 13.0";
			developmentRegion = en;
			hasScannedForEncodings = 0;
			knownRegions = (
				en,
				Base,
			);
			mainGroup = 508BB99A2A27486C003DCC12;
			productRefGroup = 508BB9A42A27486C003DCC12 /* Products */;
			projectDirPath = "";
			projectRoot = "";
			targets = (
				508BB9A22A27486C003DCC12 /* SnakeGame_SwiftUI */,
				508BB9B22A274872003DCC12 /* SnakeGame_SwiftUITests */,
				508BB9BC2A274872003DCC12 /* SnakeGame_SwiftUIUITests */,
			);
		};
/* End PBXProject section */

/* Begin PBXResourcesBuildPhase section */
		508BB9A12A27486C003DCC12 /* Resources */ = {
			isa = PBXResourcesBuildPhase;
			buildActionMask = 2147483647;
			files = (
				508BB9AE2A274871003DCC12 /* Preview Assets.xcassets in Resources */,
				508BB9AB2A274871003DCC12 /* Assets.xcassets in Resources */,
			);
			runOnlyForDeploymentPostprocessing = 0;
		};
		508BB9B12A274872003DCC12 /* Resources */ = {
			isa = PBXResourcesBuildPhase;
			buildActionMask = 2147483647;
			files = (
			);
			runOnlyForDeploymentPostprocessing = 0;
		};
		508BB9BB2A274872003DCC12 /* Resources */ = {
			isa = PBXResourcesBuildPhase;
			buildActionMask = 2147483647;
			files = (
			);
			runOnlyForDeploymentPostprocessing = 0;
		};
/* End PBXResourcesBuildPhase section */

/* Begin PBXSourcesBuildPhase section */
		508BB99F2A27486C003DCC12 /* Sources */ = {
			isa = PBXSourcesBuildPhase;
			buildActionMask = 2147483647;
			files = (
				508BB9A92A27486C003DCC12 /* ContentView.swift in Sources */,
				508BB9A72A27486C003DCC12 /* SnakeGame_SwiftUIApp.swift in Sources */,
			);
			runOnlyForDeploymentPostprocessing = 0;
		};
		508BB9AF2A274872003DCC12 /* Sources */ = {
			isa = PBXSourcesBuildPhase;
			buildActionMask = 2147483647;
			files = (
				508BB9B82A274872003DCC12 /* SnakeGame_SwiftUITests.swift in Sources */,
			);
			runOnlyForDeploymentPostprocessing = 0;
		};
		508BB9B92A274872003DCC12 /* Sources */ = {
			isa = PBXSourcesBuildPhase;
			buildActionMask = 2147483647;
			files = (
				508BB9C22A274872003DCC12 /* SnakeGame_SwiftUIUITests.swift in Sources */,
				508BB9C42A274872003DCC12 /* SnakeGame_SwiftUIUITestsLaunchTests.swift in Sources */,
			);
			runOnlyForDeploymentPostprocessing = 0;
		};
/* End PBXSourcesBuildPhase section */

/* Begin PBXTargetDependency section */
		508BB9B52A274872003DCC12 /* PBXTargetDependency */ = {
			isa = PBXTargetDependency;
			target = 508BB9A22A27486C003DCC12 /* SnakeGame_SwiftUI */;
			targetProxy = 508BB9B42A274872003DCC12 /* PBXContainerItemProxy */;
		};
		508BB9BF2A274872003DCC12 /* PBXTargetDependency */ = {
			isa = PBXTargetDependency;
			target = 508BB9A22A27486C003DCC12 /* SnakeGame_SwiftUI */;
			targetProxy = 508BB9BE2A274872003DCC12 /* PBXContainerItemProxy */;
		};
/* End PBXTargetDependency section */

/* Begin XCBuildConfiguration section */
		508BB9C52A274872003DCC12 /* Debug */ = {
			isa = XCBuildConfiguration;
			buildSettings = {
				ALWAYS_SEARCH_USER_PATHS = NO;
				CLANG_ANALYZER_NONNULL = YES;
				CLANG_ANALYZER_NUMBER_OBJECT_CONVERSION = YES_AGGRESSIVE;
				CLANG_CXX_LANGUAGE_STANDARD = "gnu++17";
				CLANG_ENABLE_MODULES = YES;
				CLANG_ENABLE_OBJC_ARC = YES;
				CLANG_ENABLE_OBJC_WEAK = YES;
				CLANG_WARN_BLOCK_CAPTURE_AUTORELEASING = YES;
				CLANG_WARN_BOOL_CONVERSION = YES;
				CLANG_WARN_COMMA = YES;
				CLANG_WARN_CONSTANT_CONVERSION = YES;
				CLANG_WARN_DEPRECATED_OBJC_IMPLEMENTATIONS = YES;
				CLANG_WARN_DIRECT_OBJC_ISA_USAGE = YES_ERROR;
				CLANG_WARN_DOCUMENTATION_COMMENTS = YES;
				CLANG_WARN_EMPTY_BODY = YES;
				CLANG_WARN_ENUM_CONVERSION = YES;
				CLANG_WARN_INFINITE_RECURSION = YES;
				CLANG_WARN_INT_CONVERSION = YES;
				CLANG_WARN_NON_LITERAL_NULL_CONVERSION = YES;
				CLANG_WARN_OBJC_IMPLICIT_RETAIN_SELF = YES;
				CLANG_WARN_OBJC_LITERAL_CONVERSION = YES;
				CLANG_WARN_OBJC_ROOT_CLASS = YES_ERROR;
				CLANG_WARN_QUOTED_INCLUDE_IN_FRAMEWORK_HEADER = YES;
				CLANG_WARN_RANGE_LOOP_ANALYSIS = YES;
				CLANG_WARN_STRICT_PROTOTYPES = YES;
				CLANG_WARN_SUSPICIOUS_MOVE = YES;
				CLANG_WARN_UNGUARDED_AVAILABILITY = YES_AGGRESSIVE;
				CLANG_WARN_UNREACHABLE_CODE = YES;
				CLANG_WARN__DUPLICATE_METHOD_MATCH = YES;
				COPY_PHASE_STRIP = NO;
				DEBUG_INFORMATION_FORMAT = dwarf;
				ENABLE_STRICT_OBJC_MSGSEND = YES;
				ENABLE_TESTABILITY = YES;
				GCC_C_LANGUAGE_STANDARD = gnu11;
				GCC_DYNAMIC_NO_PIC = NO;
				GCC_NO_COMMON_BLOCKS = YES;
				GCC_OPTIMIZATION_LEVEL = 0;
				GCC_PREPROCESSOR_DEFINITIONS = (
					"DEBUG=1",
					"$(inherited)",
				);
				GCC_WARN_64_TO_32_BIT_CONVERSION = YES;
				GCC_WARN_ABOUT_RETURN_TYPE = YES_ERROR;
				GCC_WARN_UNDECLARED_SELECTOR = YES;
				GCC_WARN_UNINITIALIZED_AUTOS = YES_AGGRESSIVE;
				GCC_WARN_UNUSED_FUNCTION = YES;
				GCC_WARN_UNUSED_VARIABLE = YES;
				IPHONEOS_DEPLOYMENT_TARGET = 15.5;
				MTL_ENABLE_DEBUG_INFO = INCLUDE_SOURCE;
				MTL_FAST_MATH = YES;
				ONLY_ACTIVE_ARCH = YES;
				SDKROOT = iphoneos;
				SWIFT_ACTIVE_COMPILATION_CONDITIONS = DEBUG;
				SWIFT_OPTIMIZATION_LEVEL = "-Onone";
			};
			name = Debug;
		};
		508BB9C62A274872003DCC12 /* Release */ = {
			isa = XCBuildConfiguration;
			buildSettings = {
				ALWAYS_SEARCH_USER_PATHS = NO;
				CLANG_ANALYZER_NONNULL = YES;
				CLANG_ANALYZER_NUMBER_OBJECT_CONVERSION = YES_AGGRESSIVE;
				CLANG_CXX_LANGUAGE_STANDARD = "gnu++17";
				CLANG_ENABLE_MODULES = YES;
				CLANG_ENABLE_OBJC_ARC = YES;
				CLANG_ENABLE_OBJC_WEAK = YES;
				CLANG_WARN_BLOCK_CAPTURE_AUTORELEASING = YES;
				CLANG_WARN_BOOL_CONVERSION = YES;
				CLANG_WARN_COMMA = YES;
				CLANG_WARN_CONSTANT_CONVERSION = YES;
				CLANG_WARN_DEPRECATED_OBJC_IMPLEMENTATIONS = YES;
				CLANG_WARN_DIRECT_OBJC_ISA_USAGE = YES_ERROR;
				CLANG_WARN_DOCUMENTATION_COMMENTS = YES;
				CLANG_WARN_EMPTY_BODY = YES;
				CLANG_WARN_ENUM_CONVERSION = YES;
				CLANG_WARN_INFINITE_RECURSION = YES;
				CLANG_WARN_INT_CONVERSION = YES;
				CLANG_WARN_NON_LITERAL_NULL_CONVERSION = YES;
				CLANG_WARN_OBJC_IMPLICIT_RETAIN_SELF = YES;
				CLANG_WARN_OBJC_LITERAL_CONVERSION = YES;
				CLANG_WARN_OBJC_ROOT_CLASS = YES_ERROR;
				CLANG_WARN_QUOTED_INCLUDE_IN_FRAMEWORK_HEADER = YES;
				CLANG_WARN_RANGE_LOOP_ANALYSIS = YES;
				CLANG_WARN_STRICT_PROTOTYPES = YES;
				CLANG_WARN_SUSPICIOUS_MOVE = YES;
				CLANG_WARN_UNGUARDED_AVAILABILITY = YES_AGGRESSIVE;
				CLANG_WARN_UNREACHABLE_CODE = YES;
				CLANG_WARN__DUPLICATE_METHOD_MATCH = YES;
				COPY_PHASE_STRIP = NO;
				DEBUG_INFORMATION_FORMAT = "dwarf-with-dsym";
				ENABLE_NS_ASSERTIONS = NO;
				ENABLE_STRICT_OBJC_MSGSEND = YES;
				GCC_C_LANGUAGE_STANDARD = gnu11;
				GCC_NO_COMMON_BLOCKS = YES;
				GCC_WARN_64_TO_32_BIT_CONVERSION = YES;
				GCC_WARN_ABOUT_RETURN_TYPE = YES_ERROR;
				GCC_WARN_UNDECLARED_SELECTOR = YES;
				GCC_WARN_UNINITIALIZED_AUTOS = YES_AGGRESSIVE;
				GCC_WARN_UNUSED_FUNCTION = YES;
				GCC_WARN_UNUSED_VARIABLE = YES;
				IPHONEOS_DEPLOYMENT_TARGET = 15.5;
				MTL_ENABLE_DEBUG_INFO = NO;
				MTL_FAST_MATH = YES;
				SDKROOT = iphoneos;
				SWIFT_COMPILATION_MODE = wholemodule;
				SWIFT_OPTIMIZATION_LEVEL = "-O";
				VALIDATE_PRODUCT = YES;
			};
			name = Release;
		};
		508BB9C82A274872003DCC12 /* Debug */ = {
			isa = XCBuildConfiguration;
			buildSettings = {
				ASSETCATALOG_COMPILER_APPICON_NAME = AppIcon;
				ASSETCATALOG_COMPILER_GLOBAL_ACCENT_COLOR_NAME = AccentColor;
				CODE_SIGN_STYLE = Automatic;
				CURRENT_PROJECT_VERSION = 1;
				DEVELOPMENT_ASSET_PATHS = "\"SnakeGame_SwiftUI/Preview Content\"";
				ENABLE_PREVIEWS = YES;
				GENERATE_INFOPLIST_FILE = YES;
				INFOPLIST_KEY_UIApplicationSceneManifest_Generation = YES;
				INFOPLIST_KEY_UIApplicationSupportsIndirectInputEvents = YES;
				INFOPLIST_KEY_UILaunchScreen_Generation = YES;
				INFOPLIST_KEY_UISupportedInterfaceOrientations_iPad = "UIInterfaceOrientationPortrait UIInterfaceOrientationPortraitUpsideDown UIInterfaceOrientationLandscapeLeft UIInterfaceOrientationLandscapeRight";
				INFOPLIST_KEY_UISupportedInterfaceOrientations_iPhone = "UIInterfaceOrientationPortrait UIInterfaceOrientationLandscapeLeft UIInterfaceOrientationLandscapeRight";
				LD_RUNPATH_SEARCH_PATHS = (
					"$(inherited)",
					"@executable_path/Frameworks",
				);
				MARKETING_VERSION = 1.0;
				PRODUCT_BUNDLE_IDENTIFIER = "Kah-Services.SnakeGame-SwiftUI";
				PRODUCT_NAME = "$(TARGET_NAME)";
				SWIFT_EMIT_LOC_STRINGS = YES;
				SWIFT_VERSION = 5.0;
				TARGETED_DEVICE_FAMILY = "1,2";
			};
			name = Debug;
		};
		508BB9C92A274872003DCC12 /* Release */ = {
			isa = XCBuildConfiguration;
			buildSettings = {
				ASSETCATALOG_COMPILER_APPICON_NAME = AppIcon;
				ASSETCATALOG_COMPILER_GLOBAL_ACCENT_COLOR_NAME = AccentColor;
				CODE_SIGN_STYLE = Automatic;
				CURRENT_PROJECT_VERSION = 1;
				DEVELOPMENT_ASSET_PATHS = "\"SnakeGame_SwiftUI/Preview Content\"";
				ENABLE_PREVIEWS = YES;
				GENERATE_INFOPLIST_FILE = YES;
				INFOPLIST_KEY_UIApplicationSceneManifest_Generation = YES;
				INFOPLIST_KEY_UIApplicationSupportsIndirectInputEvents = YES;
				INFOPLIST_KEY_UILaunchScreen_Generation = YES;
				INFOPLIST_KEY_UISupportedInterfaceOrientations_iPad = "UIInterfaceOrientationPortrait UIInterfaceOrientationPortraitUpsideDown UIInterfaceOrientationLandscapeLeft UIInterfaceOrientationLandscapeRight";
				INFOPLIST_KEY_UISupportedInterfaceOrientations_iPhone = "UIInterfaceOrientationPortrait UIInterfaceOrientationLandscapeLeft UIInterfaceOrientationLandscapeRight";
				LD_RUNPATH_SEARCH_PATHS = (
					"$(inherited)",
					"@executable_path/Frameworks",
				);
				MARKETING_VERSION = 1.0;
				PRODUCT_BUNDLE_IDENTIFIER = "Kah-Services.SnakeGame-SwiftUI";
				PRODUCT_NAME = "$(TARGET_NAME)";
				SWIFT_EMIT_LOC_STRINGS = YES;
				SWIFT_VERSION = 5.0;
				TARGETED_DEVICE_FAMILY = "1,2";
			};
			name = Release;
		};
		508BB9CB2A274872003DCC12 /* Debug */ = {
			isa = XCBuildConfiguration;
			buildSettings = {
				ALWAYS_EMBED_SWIFT_STANDARD_LIBRARIES = YES;
				BUNDLE_LOADER = "$(TEST_HOST)";
				CODE_SIGN_STYLE = Automatic;
				CURRENT_PROJECT_VERSION = 1;
				GENERATE_INFOPLIST_FILE = YES;
				IPHONEOS_DEPLOYMENT_TARGET = 15.5;
				MARKETING_VERSION = 1.0;
				PRODUCT_BUNDLE_IDENTIFIER = "Kah-Services.SnakeGame-SwiftUITests";
				PRODUCT_NAME = "$(TARGET_NAME)";
				SWIFT_EMIT_LOC_STRINGS = NO;
				SWIFT_VERSION = 5.0;
				TARGETED_DEVICE_FAMILY = "1,2";
				TEST_HOST = "$(BUILT_PRODUCTS_DIR)/SnakeGame_SwiftUI.app/SnakeGame_SwiftUI";
			};
			name = Debug;
		};
		508BB9CC2A274872003DCC12 /* Release */ = {
			isa = XCBuildConfiguration;
			buildSettings = {
				ALWAYS_EMBED_SWIFT_STANDARD_LIBRARIES = YES;
				BUNDLE_LOADER = "$(TEST_HOST)";
				CODE_SIGN_STYLE = Automatic;
				CURRENT_PROJECT_VERSION = 1;
				GENERATE_INFOPLIST_FILE = YES;
				IPHONEOS_DEPLOYMENT_TARGET = 15.5;
				MARKETING_VERSION = 1.0;
				PRODUCT_BUNDLE_IDENTIFIER = "Kah-Services.SnakeGame-SwiftUITests";
				PRODUCT_NAME = "$(TARGET_NAME)";
				SWIFT_EMIT_LOC_STRINGS = NO;
				SWIFT_VERSION = 5.0;
				TARGETED_DEVICE_FAMILY = "1,2";
				TEST_HOST = "$(BUILT_PRODUCTS_DIR)/SnakeGame_SwiftUI.app/SnakeGame_SwiftUI";
			};
			name = Release;
		};
		508BB9CE2A274872003DCC12 /* Debug */ = {
			isa = XCBuildConfiguration;
			buildSettings = {
				ALWAYS_EMBED_SWIFT_STANDARD_LIBRARIES = YES;
				CODE_SIGN_STYLE = Automatic;
				CURRENT_PROJECT_VERSION = 1;
				GENERATE_INFOPLIST_FILE = YES;
				MARKETING_VERSION = 1.0;
				PRODUCT_BUNDLE_IDENTIFIER = "Kah-Services.SnakeGame-SwiftUIUITests";
				PRODUCT_NAME = "$(TARGET_NAME)";
				SWIFT_EMIT_LOC_STRINGS = NO;
				SWIFT_VERSION = 5.0;
				TARGETED_DEVICE_FAMILY = "1,2";
				TEST_TARGET_NAME = SnakeGame_SwiftUI;
			};
			name = Debug;
		};
		508BB9CF2A274872003DCC12 /* Release */ = {
			isa = XCBuildConfiguration;
			buildSettings = {
				ALWAYS_EMBED_SWIFT_STANDARD_LIBRARIES = YES;
				CODE_SIGN_STYLE = Automatic;
				CURRENT_PROJECT_VERSION = 1;
				GENERATE_INFOPLIST_FILE = YES;
				MARKETING_VERSION = 1.0;
				PRODUCT_BUNDLE_IDENTIFIER = "Kah-Services.SnakeGame-SwiftUIUITests";
				PRODUCT_NAME = "$(TARGET_NAME)";
				SWIFT_EMIT_LOC_STRINGS = NO;
				SWIFT_VERSION = 5.0;
				TARGETED_DEVICE_FAMILY = "1,2";
				TEST_TARGET_NAME = SnakeGame_SwiftUI;
			};
			name = Release;
		};
/* End XCBuildConfiguration section */

/* Begin XCConfigurationList section */
		508BB99E2A27486C003DCC12 /* Build configuration list for PBXProject "SnakeGame_SwiftUI" */ = {
			isa = XCConfigurationList;
			buildConfigurations = (
				508BB9C52A274872003DCC12 /* Debug */,
				508BB9C62A274872003DCC12 /* Release */,
			);
			defaultConfigurationIsVisible = 0;
			defaultConfigurationName = Release;
		};
		508BB9C72A274872003DCC12 /* Build configuration list for PBXNativeTarget "SnakeGame_SwiftUI" */ = {
			isa = XCConfigurationList;
			buildConfigurations = (
				508BB9C82A274872003DCC12 /* Debug */,
				508BB9C92A274872003DCC12 /* Release */,
			);
			defaultConfigurationIsVisible = 0;
			defaultConfigurationName = Release;
		};
		508BB9CA2A274872003DCC12 /* Build configuration list for PBXNativeTarget "SnakeGame_SwiftUITests" */ = {
			isa = XCConfigurationList;
			buildConfigurations = (
				508BB9CB2A274872003DCC12 /* Debug */,
				508BB9CC2A274872003DCC12 /* Release */,
			);
			defaultConfigurationIsVisible = 0;
			defaultConfigurationName = Release;
		};
		508BB9CD2A274872003DCC12 /* Build configuration list for PBXNativeTarget "SnakeGame_SwiftUIUITests" */ = {
			isa = XCConfigurationList;
			buildConfigurations = (
				508BB9CE2A274872003DCC12 /* Debug */,
				508BB9CF2A274872003DCC12 /* Release */,
			);
			defaultConfigurationIsVisible = 0;
			defaultConfigurationName = Release;
		};
/* End XCConfigurationList section */
	};
	rootObject = 508BB99B2A27486C003DCC12 /* Project object */;
}
