// !$*UTF8*$!
{
	archiveVersion = 1;
	classes = {
	};
	objectVersion = 55;
	objects = {

/* Begin PBXBuildFile section */
		50321B222A2470A8004A90D2 /* HamburgerMenu_withModes_SwiftUIApp.swift in Sources */ = {isa = PBXBuildFile; fileRef = 50321B212A2470A8004A90D2 /* HamburgerMenu_withModes_SwiftUIApp.swift */; };
		50321B242A2470A8004A90D2 /* ContentView.swift in Sources */ = {isa = PBXBuildFile; fileRef = 50321B232A2470A8004A90D2 /* ContentView.swift */; };
		50321B262A2470AD004A90D2 /* Assets.xcassets in Resources */ = {isa = PBXBuildFile; fileRef = 50321B252A2470AD004A90D2 /* Assets.xcassets */; };
		50321B292A2470AD004A90D2 /* Preview Assets.xcassets in Resources */ = {isa = PBXBuildFile; fileRef = 50321B282A2470AD004A90D2 /* Preview Assets.xcassets */; };
		50321B332A2470AE004A90D2 /* HamburgerMenu_withModes_SwiftUITests.swift in Sources */ = {isa = PBXBuildFile; fileRef = 50321B322A2470AE004A90D2 /* HamburgerMenu_withModes_SwiftUITests.swift */; };
		50321B3D2A2470AE004A90D2 /* HamburgerMenu_withModes_SwiftUIUITests.swift in Sources */ = {isa = PBXBuildFile; fileRef = 50321B3C2A2470AE004A90D2 /* HamburgerMenu_withModes_SwiftUIUITests.swift */; };
		50321B3F2A2470AE004A90D2 /* HamburgerMenu_withModes_SwiftUIUITestsLaunchTests.swift in Sources */ = {isa = PBXBuildFile; fileRef = 50321B3E2A2470AE004A90D2 /* HamburgerMenu_withModes_SwiftUIUITestsLaunchTests.swift */; };
		50321B4C2A248C9C004A90D2 /* Home.swift in Sources */ = {isa = PBXBuildFile; fileRef = 50321B4B2A248C9C004A90D2 /* Home.swift */; };
		50321B4E2A248CBE004A90D2 /* Menu.swift in Sources */ = {isa = PBXBuildFile; fileRef = 50321B4D2A248CBE004A90D2 /* Menu.swift */; };
/* End PBXBuildFile section */

/* Begin PBXContainerItemProxy section */
		50321B2F2A2470AE004A90D2 /* PBXContainerItemProxy */ = {
			isa = PBXContainerItemProxy;
			containerPortal = 50321B162A2470A8004A90D2 /* Project object */;
			proxyType = 1;
			remoteGlobalIDString = 50321B1D2A2470A8004A90D2;
			remoteInfo = HamburgerMenu_withModes_SwiftUI;
		};
		50321B392A2470AE004A90D2 /* PBXContainerItemProxy */ = {
			isa = PBXContainerItemProxy;
			containerPortal = 50321B162A2470A8004A90D2 /* Project object */;
			proxyType = 1;
			remoteGlobalIDString = 50321B1D2A2470A8004A90D2;
			remoteInfo = HamburgerMenu_withModes_SwiftUI;
		};
/* End PBXContainerItemProxy section */

/* Begin PBXFileReference section */
		50321B1E2A2470A8004A90D2 /* HamburgerMenu_withModes_SwiftUI.app */ = {isa = PBXFileReference; explicitFileType = wrapper.application; includeInIndex = 0; path = HamburgerMenu_withModes_SwiftUI.app; sourceTree = BUILT_PRODUCTS_DIR; };
		50321B212A2470A8004A90D2 /* HamburgerMenu_withModes_SwiftUIApp.swift */ = {isa = PBXFileReference; lastKnownFileType = sourcecode.swift; path = HamburgerMenu_withModes_SwiftUIApp.swift; sourceTree = "<group>"; };
		50321B232A2470A8004A90D2 /* ContentView.swift */ = {isa = PBXFileReference; lastKnownFileType = sourcecode.swift; path = ContentView.swift; sourceTree = "<group>"; };
		50321B252A2470AD004A90D2 /* Assets.xcassets */ = {isa = PBXFileReference; lastKnownFileType = folder.assetcatalog; path = Assets.xcassets; sourceTree = "<group>"; };
		50321B282A2470AD004A90D2 /* Preview Assets.xcassets */ = {isa = PBXFileReference; lastKnownFileType = folder.assetcatalog; path = "Preview Assets.xcassets"; sourceTree = "<group>"; };
		50321B2E2A2470AE004A90D2 /* HamburgerMenu_withModes_SwiftUITests.xctest */ = {isa = PBXFileReference; explicitFileType = wrapper.cfbundle; includeInIndex = 0; path = HamburgerMenu_withModes_SwiftUITests.xctest; sourceTree = BUILT_PRODUCTS_DIR; };
		50321B322A2470AE004A90D2 /* HamburgerMenu_withModes_SwiftUITests.swift */ = {isa = PBXFileReference; lastKnownFileType = sourcecode.swift; path = HamburgerMenu_withModes_SwiftUITests.swift; sourceTree = "<group>"; };
		50321B382A2470AE004A90D2 /* HamburgerMenu_withModes_SwiftUIUITests.xctest */ = {isa = PBXFileReference; explicitFileType = wrapper.cfbundle; includeInIndex = 0; path = HamburgerMenu_withModes_SwiftUIUITests.xctest; sourceTree = BUILT_PRODUCTS_DIR; };
		50321B3C2A2470AE004A90D2 /* HamburgerMenu_withModes_SwiftUIUITests.swift */ = {isa = PBXFileReference; lastKnownFileType = sourcecode.swift; path = HamburgerMenu_withModes_SwiftUIUITests.swift; sourceTree = "<group>"; };
		50321B3E2A2470AE004A90D2 /* HamburgerMenu_withModes_SwiftUIUITestsLaunchTests.swift */ = {isa = PBXFileReference; lastKnownFileType = sourcecode.swift; path = HamburgerMenu_withModes_SwiftUIUITestsLaunchTests.swift; sourceTree = "<group>"; };
		50321B4B2A248C9C004A90D2 /* Home.swift */ = {isa = PBXFileReference; lastKnownFileType = sourcecode.swift; path = Home.swift; sourceTree = "<group>"; };
		50321B4D2A248CBE004A90D2 /* Menu.swift */ = {isa = PBXFileReference; lastKnownFileType = sourcecode.swift; path = Menu.swift; sourceTree = "<group>"; };
/* End PBXFileReference section */

/* Begin PBXFrameworksBuildPhase section */
		50321B1B2A2470A8004A90D2 /* Frameworks */ = {
			isa = PBXFrameworksBuildPhase;
			buildActionMask = 2147483647;
			files = (
			);
			runOnlyForDeploymentPostprocessing = 0;
		};
		50321B2B2A2470AE004A90D2 /* Frameworks */ = {
			isa = PBXFrameworksBuildPhase;
			buildActionMask = 2147483647;
			files = (
			);
			runOnlyForDeploymentPostprocessing = 0;
		};
		50321B352A2470AE004A90D2 /* Frameworks */ = {
			isa = PBXFrameworksBuildPhase;
			buildActionMask = 2147483647;
			files = (
			);
			runOnlyForDeploymentPostprocessing = 0;
		};
/* End PBXFrameworksBuildPhase section */

/* Begin PBXGroup section */
		50321B152A2470A8004A90D2 = {
			isa = PBXGroup;
			children = (
				50321B202A2470A8004A90D2 /* HamburgerMenu_withModes_SwiftUI */,
				50321B312A2470AE004A90D2 /* HamburgerMenu_withModes_SwiftUITests */,
				50321B3B2A2470AE004A90D2 /* HamburgerMenu_withModes_SwiftUIUITests */,
				50321B1F2A2470A8004A90D2 /* Products */,
			);
			sourceTree = "<group>";
		};
		50321B1F2A2470A8004A90D2 /* Products */ = {
			isa = PBXGroup;
			children = (
				50321B1E2A2470A8004A90D2 /* HamburgerMenu_withModes_SwiftUI.app */,
				50321B2E2A2470AE004A90D2 /* HamburgerMenu_withModes_SwiftUITests.xctest */,
				50321B382A2470AE004A90D2 /* HamburgerMenu_withModes_SwiftUIUITests.xctest */,
			);
			name = Products;
			sourceTree = "<group>";
		};
		50321B202A2470A8004A90D2 /* HamburgerMenu_withModes_SwiftUI */ = {
			isa = PBXGroup;
			children = (
				50321B212A2470A8004A90D2 /* HamburgerMenu_withModes_SwiftUIApp.swift */,
				50321B232A2470A8004A90D2 /* ContentView.swift */,
				50321B252A2470AD004A90D2 /* Assets.xcassets */,
				50321B272A2470AD004A90D2 /* Preview Content */,
				50321B4B2A248C9C004A90D2 /* Home.swift */,
				50321B4D2A248CBE004A90D2 /* Menu.swift */,
			);
			path = HamburgerMenu_withModes_SwiftUI;
			sourceTree = "<group>";
		};
		50321B272A2470AD004A90D2 /* Preview Content */ = {
			isa = PBXGroup;
			children = (
				50321B282A2470AD004A90D2 /* Preview Assets.xcassets */,
			);
			path = "Preview Content";
			sourceTree = "<group>";
		};
		50321B312A2470AE004A90D2 /* HamburgerMenu_withModes_SwiftUITests */ = {
			isa = PBXGroup;
			children = (
				50321B322A2470AE004A90D2 /* HamburgerMenu_withModes_SwiftUITests.swift */,
			);
			path = HamburgerMenu_withModes_SwiftUITests;
			sourceTree = "<group>";
		};
		50321B3B2A2470AE004A90D2 /* HamburgerMenu_withModes_SwiftUIUITests */ = {
			isa = PBXGroup;
			children = (
				50321B3C2A2470AE004A90D2 /* HamburgerMenu_withModes_SwiftUIUITests.swift */,
				50321B3E2A2470AE004A90D2 /* HamburgerMenu_withModes_SwiftUIUITestsLaunchTests.swift */,
			);
			path = HamburgerMenu_withModes_SwiftUIUITests;
			sourceTree = "<group>";
		};
/* End PBXGroup section */

/* Begin PBXNativeTarget section */
		50321B1D2A2470A8004A90D2 /* HamburgerMenu_withModes_SwiftUI */ = {
			isa = PBXNativeTarget;
			buildConfigurationList = 50321B422A2470AE004A90D2 /* Build configuration list for PBXNativeTarget "HamburgerMenu_withModes_SwiftUI" */;
			buildPhases = (
				50321B1A2A2470A8004A90D2 /* Sources */,
				50321B1B2A2470A8004A90D2 /* Frameworks */,
				50321B1C2A2470A8004A90D2 /* Resources */,
			);
			buildRules = (
			);
			dependencies = (
			);
			name = HamburgerMenu_withModes_SwiftUI;
			productName = HamburgerMenu_withModes_SwiftUI;
			productReference = 50321B1E2A2470A8004A90D2 /* HamburgerMenu_withModes_SwiftUI.app */;
			productType = "com.apple.product-type.application";
		};
		50321B2D2A2470AE004A90D2 /* HamburgerMenu_withModes_SwiftUITests */ = {
			isa = PBXNativeTarget;
			buildConfigurationList = 50321B452A2470AE004A90D2 /* Build configuration list for PBXNativeTarget "HamburgerMenu_withModes_SwiftUITests" */;
			buildPhases = (
				50321B2A2A2470AE004A90D2 /* Sources */,
				50321B2B2A2470AE004A90D2 /* Frameworks */,
				50321B2C2A2470AE004A90D2 /* Resources */,
			);
			buildRules = (
			);
			dependencies = (
				50321B302A2470AE004A90D2 /* PBXTargetDependency */,
			);
			name = HamburgerMenu_withModes_SwiftUITests;
			productName = HamburgerMenu_withModes_SwiftUITests;
			productReference = 50321B2E2A2470AE004A90D2 /* HamburgerMenu_withModes_SwiftUITests.xctest */;
			productType = "com.apple.product-type.bundle.unit-test";
		};
		50321B372A2470AE004A90D2 /* HamburgerMenu_withModes_SwiftUIUITests */ = {
			isa = PBXNativeTarget;
			buildConfigurationList = 50321B482A2470AE004A90D2 /* Build configuration list for PBXNativeTarget "HamburgerMenu_withModes_SwiftUIUITests" */;
			buildPhases = (
				50321B342A2470AE004A90D2 /* Sources */,
				50321B352A2470AE004A90D2 /* Frameworks */,
				50321B362A2470AE004A90D2 /* Resources */,
			);
			buildRules = (
			);
			dependencies = (
				50321B3A2A2470AE004A90D2 /* PBXTargetDependency */,
			);
			name = HamburgerMenu_withModes_SwiftUIUITests;
			productName = HamburgerMenu_withModes_SwiftUIUITests;
			productReference = 50321B382A2470AE004A90D2 /* HamburgerMenu_withModes_SwiftUIUITests.xctest */;
			productType = "com.apple.product-type.bundle.ui-testing";
		};
/* End PBXNativeTarget section */

/* Begin PBXProject section */
		50321B162A2470A8004A90D2 /* Project object */ = {
			isa = PBXProject;
			attributes = {
				BuildIndependentTargetsInParallel = 1;
				LastSwiftUpdateCheck = 1340;
				LastUpgradeCheck = 1340;
				TargetAttributes = {
					50321B1D2A2470A8004A90D2 = {
						CreatedOnToolsVersion = 13.4.1;
					};
					50321B2D2A2470AE004A90D2 = {
						CreatedOnToolsVersion = 13.4.1;
						TestTargetID = 50321B1D2A2470A8004A90D2;
					};
					50321B372A2470AE004A90D2 = {
						CreatedOnToolsVersion = 13.4.1;
						TestTargetID = 50321B1D2A2470A8004A90D2;
					};
				};
			};
			buildConfigurationList = 50321B192A2470A8004A90D2 /* Build configuration list for PBXProject "HamburgerMenu_withModes_SwiftUI" */;
			compatibilityVersion = "Xcode 13.0";
			developmentRegion = en;
			hasScannedForEncodings = 0;
			knownRegions = (
				en,
				Base,
			);
			mainGroup = 50321B152A2470A8004A90D2;
			productRefGroup = 50321B1F2A2470A8004A90D2 /* Products */;
			projectDirPath = "";
			projectRoot = "";
			targets = (
				50321B1D2A2470A8004A90D2 /* HamburgerMenu_withModes_SwiftUI */,
				50321B2D2A2470AE004A90D2 /* HamburgerMenu_withModes_SwiftUITests */,
				50321B372A2470AE004A90D2 /* HamburgerMenu_withModes_SwiftUIUITests */,
			);
		};
/* End PBXProject section */

/* Begin PBXResourcesBuildPhase section */
		50321B1C2A2470A8004A90D2 /* Resources */ = {
			isa = PBXResourcesBuildPhase;
			buildActionMask = 2147483647;
			files = (
				50321B292A2470AD004A90D2 /* Preview Assets.xcassets in Resources */,
				50321B262A2470AD004A90D2 /* Assets.xcassets in Resources */,
			);
			runOnlyForDeploymentPostprocessing = 0;
		};
		50321B2C2A2470AE004A90D2 /* Resources */ = {
			isa = PBXResourcesBuildPhase;
			buildActionMask = 2147483647;
			files = (
			);
			runOnlyForDeploymentPostprocessing = 0;
		};
		50321B362A2470AE004A90D2 /* Resources */ = {
			isa = PBXResourcesBuildPhase;
			buildActionMask = 2147483647;
			files = (
			);
			runOnlyForDeploymentPostprocessing = 0;
		};
/* End PBXResourcesBuildPhase section */

/* Begin PBXSourcesBuildPhase section */
		50321B1A2A2470A8004A90D2 /* Sources */ = {
			isa = PBXSourcesBuildPhase;
			buildActionMask = 2147483647;
			files = (
				50321B242A2470A8004A90D2 /* ContentView.swift in Sources */,
				50321B4C2A248C9C004A90D2 /* Home.swift in Sources */,
				50321B4E2A248CBE004A90D2 /* Menu.swift in Sources */,
				50321B222A2470A8004A90D2 /* HamburgerMenu_withModes_SwiftUIApp.swift in Sources */,
			);
			runOnlyForDeploymentPostprocessing = 0;
		};
		50321B2A2A2470AE004A90D2 /* Sources */ = {
			isa = PBXSourcesBuildPhase;
			buildActionMask = 2147483647;
			files = (
				50321B332A2470AE004A90D2 /* HamburgerMenu_withModes_SwiftUITests.swift in Sources */,
			);
			runOnlyForDeploymentPostprocessing = 0;
		};
		50321B342A2470AE004A90D2 /* Sources */ = {
			isa = PBXSourcesBuildPhase;
			buildActionMask = 2147483647;
			files = (
				50321B3F2A2470AE004A90D2 /* HamburgerMenu_withModes_SwiftUIUITestsLaunchTests.swift in Sources */,
				50321B3D2A2470AE004A90D2 /* HamburgerMenu_withModes_SwiftUIUITests.swift in Sources */,
			);
			runOnlyForDeploymentPostprocessing = 0;
		};
/* End PBXSourcesBuildPhase section */

/* Begin PBXTargetDependency section */
		50321B302A2470AE004A90D2 /* PBXTargetDependency */ = {
			isa = PBXTargetDependency;
			target = 50321B1D2A2470A8004A90D2 /* HamburgerMenu_withModes_SwiftUI */;
			targetProxy = 50321B2F2A2470AE004A90D2 /* PBXContainerItemProxy */;
		};
		50321B3A2A2470AE004A90D2 /* PBXTargetDependency */ = {
			isa = PBXTargetDependency;
			target = 50321B1D2A2470A8004A90D2 /* HamburgerMenu_withModes_SwiftUI */;
			targetProxy = 50321B392A2470AE004A90D2 /* PBXContainerItemProxy */;
		};
/* End PBXTargetDependency section */

/* Begin XCBuildConfiguration section */
		50321B402A2470AE004A90D2 /* Debug */ = {
			isa = XCBuildConfiguration;
			buildSettings = {
				ALWAYS_SEARCH_USER_PATHS = NO;
				CLANG_ANALYZER_NONNULL = YES;
				CLANG_ANALYZER_NUMBER_OBJECT_CONVERSION = YES_AGGRESSIVE;
				CLANG_CXX_LANGUAGE_STANDARD = "gnu++17";
				CLANG_ENABLE_MODULES = YES;
				CLANG_ENABLE_OBJC_ARC = YES;
				CLANG_ENABLE_OBJC_WEAK = YES;
				CLANG_WARN_BLOCK_CAPTURE_AUTORELEASING = YES;
				CLANG_WARN_BOOL_CONVERSION = YES;
				CLANG_WARN_COMMA = YES;
				CLANG_WARN_CONSTANT_CONVERSION = YES;
				CLANG_WARN_DEPRECATED_OBJC_IMPLEMENTATIONS = YES;
				CLANG_WARN_DIRECT_OBJC_ISA_USAGE = YES_ERROR;
				CLANG_WARN_DOCUMENTATION_COMMENTS = YES;
				CLANG_WARN_EMPTY_BODY = YES;
				CLANG_WARN_ENUM_CONVERSION = YES;
				CLANG_WARN_INFINITE_RECURSION = YES;
				CLANG_WARN_INT_CONVERSION = YES;
				CLANG_WARN_NON_LITERAL_NULL_CONVERSION = YES;
				CLANG_WARN_OBJC_IMPLICIT_RETAIN_SELF = YES;
				CLANG_WARN_OBJC_LITERAL_CONVERSION = YES;
				CLANG_WARN_OBJC_ROOT_CLASS = YES_ERROR;
				CLANG_WARN_QUOTED_INCLUDE_IN_FRAMEWORK_HEADER = YES;
				CLANG_WARN_RANGE_LOOP_ANALYSIS = YES;
				CLANG_WARN_STRICT_PROTOTYPES = YES;
				CLANG_WARN_SUSPICIOUS_MOVE = YES;
				CLANG_WARN_UNGUARDED_AVAILABILITY = YES_AGGRESSIVE;
				CLANG_WARN_UNREACHABLE_CODE = YES;
				CLANG_WARN__DUPLICATE_METHOD_MATCH = YES;
				COPY_PHASE_STRIP = NO;
				DEBUG_INFORMATION_FORMAT = dwarf;
				ENABLE_STRICT_OBJC_MSGSEND = YES;
				ENABLE_TESTABILITY = YES;
				GCC_C_LANGUAGE_STANDARD = gnu11;
				GCC_DYNAMIC_NO_PIC = NO;
				GCC_NO_COMMON_BLOCKS = YES;
				GCC_OPTIMIZATION_LEVEL = 0;
				GCC_PREPROCESSOR_DEFINITIONS = (
					"DEBUG=1",
					"$(inherited)",
				);
				GCC_WARN_64_TO_32_BIT_CONVERSION = YES;
				GCC_WARN_ABOUT_RETURN_TYPE = YES_ERROR;
				GCC_WARN_UNDECLARED_SELECTOR = YES;
				GCC_WARN_UNINITIALIZED_AUTOS = YES_AGGRESSIVE;
				GCC_WARN_UNUSED_FUNCTION = YES;
				GCC_WARN_UNUSED_VARIABLE = YES;
				IPHONEOS_DEPLOYMENT_TARGET = 15.5;
				MTL_ENABLE_DEBUG_INFO = INCLUDE_SOURCE;
				MTL_FAST_MATH = YES;
				ONLY_ACTIVE_ARCH = YES;
				SDKROOT = iphoneos;
				SWIFT_ACTIVE_COMPILATION_CONDITIONS = DEBUG;
				SWIFT_OPTIMIZATION_LEVEL = "-Onone";
			};
			name = Debug;
		};
		50321B412A2470AE004A90D2 /* Release */ = {
			isa = XCBuildConfiguration;
			buildSettings = {
				ALWAYS_SEARCH_USER_PATHS = NO;
				CLANG_ANALYZER_NONNULL = YES;
				CLANG_ANALYZER_NUMBER_OBJECT_CONVERSION = YES_AGGRESSIVE;
				CLANG_CXX_LANGUAGE_STANDARD = "gnu++17";
				CLANG_ENABLE_MODULES = YES;
				CLANG_ENABLE_OBJC_ARC = YES;
				CLANG_ENABLE_OBJC_WEAK = YES;
				CLANG_WARN_BLOCK_CAPTURE_AUTORELEASING = YES;
				CLANG_WARN_BOOL_CONVERSION = YES;
				CLANG_WARN_COMMA = YES;
				CLANG_WARN_CONSTANT_CONVERSION = YES;
				CLANG_WARN_DEPRECATED_OBJC_IMPLEMENTATIONS = YES;
				CLANG_WARN_DIRECT_OBJC_ISA_USAGE = YES_ERROR;
				CLANG_WARN_DOCUMENTATION_COMMENTS = YES;
				CLANG_WARN_EMPTY_BODY = YES;
				CLANG_WARN_ENUM_CONVERSION = YES;
				CLANG_WARN_INFINITE_RECURSION = YES;
				CLANG_WARN_INT_CONVERSION = YES;
				CLANG_WARN_NON_LITERAL_NULL_CONVERSION = YES;
				CLANG_WARN_OBJC_IMPLICIT_RETAIN_SELF = YES;
				CLANG_WARN_OBJC_LITERAL_CONVERSION = YES;
				CLANG_WARN_OBJC_ROOT_CLASS = YES_ERROR;
				CLANG_WARN_QUOTED_INCLUDE_IN_FRAMEWORK_HEADER = YES;
				CLANG_WARN_RANGE_LOOP_ANALYSIS = YES;
				CLANG_WARN_STRICT_PROTOTYPES = YES;
				CLANG_WARN_SUSPICIOUS_MOVE = YES;
				CLANG_WARN_UNGUARDED_AVAILABILITY = YES_AGGRESSIVE;
				CLANG_WARN_UNREACHABLE_CODE = YES;
				CLANG_WARN__DUPLICATE_METHOD_MATCH = YES;
				COPY_PHASE_STRIP = NO;
				DEBUG_INFORMATION_FORMAT = "dwarf-with-dsym";
				ENABLE_NS_ASSERTIONS = NO;
				ENABLE_STRICT_OBJC_MSGSEND = YES;
				GCC_C_LANGUAGE_STANDARD = gnu11;
				GCC_NO_COMMON_BLOCKS = YES;
				GCC_WARN_64_TO_32_BIT_CONVERSION = YES;
				GCC_WARN_ABOUT_RETURN_TYPE = YES_ERROR;
				GCC_WARN_UNDECLARED_SELECTOR = YES;
				GCC_WARN_UNINITIALIZED_AUTOS = YES_AGGRESSIVE;
				GCC_WARN_UNUSED_FUNCTION = YES;
				GCC_WARN_UNUSED_VARIABLE = YES;
				IPHONEOS_DEPLOYMENT_TARGET = 15.5;
				MTL_ENABLE_DEBUG_INFO = NO;
				MTL_FAST_MATH = YES;
				SDKROOT = iphoneos;
				SWIFT_COMPILATION_MODE = wholemodule;
				SWIFT_OPTIMIZATION_LEVEL = "-O";
				VALIDATE_PRODUCT = YES;
			};
			name = Release;
		};
		50321B432A2470AE004A90D2 /* Debug */ = {
			isa = XCBuildConfiguration;
			buildSettings = {
				ASSETCATALOG_COMPILER_APPICON_NAME = AppIcon;
				ASSETCATALOG_COMPILER_GLOBAL_ACCENT_COLOR_NAME = AccentColor;
				CODE_SIGN_STYLE = Automatic;
				CURRENT_PROJECT_VERSION = 1;
				DEVELOPMENT_ASSET_PATHS = "\"HamburgerMenu_withModes_SwiftUI/Preview Content\"";
				ENABLE_PREVIEWS = YES;
				GENERATE_INFOPLIST_FILE = YES;
				INFOPLIST_KEY_UIApplicationSceneManifest_Generation = YES;
				INFOPLIST_KEY_UIApplicationSupportsIndirectInputEvents = YES;
				INFOPLIST_KEY_UILaunchScreen_Generation = YES;
				INFOPLIST_KEY_UISupportedInterfaceOrientations_iPad = "UIInterfaceOrientationPortrait UIInterfaceOrientationPortraitUpsideDown UIInterfaceOrientationLandscapeLeft UIInterfaceOrientationLandscapeRight";
				INFOPLIST_KEY_UISupportedInterfaceOrientations_iPhone = "UIInterfaceOrientationPortrait UIInterfaceOrientationLandscapeLeft UIInterfaceOrientationLandscapeRight";
				LD_RUNPATH_SEARCH_PATHS = (
					"$(inherited)",
					"@executable_path/Frameworks",
				);
				MARKETING_VERSION = 1.0;
				PRODUCT_BUNDLE_IDENTIFIER = "Kah-Services.HamburgerMenu-withModes-SwiftUI";
				PRODUCT_NAME = "$(TARGET_NAME)";
				SWIFT_EMIT_LOC_STRINGS = YES;
				SWIFT_VERSION = 5.0;
				TARGETED_DEVICE_FAMILY = "1,2";
			};
			name = Debug;
		};
		50321B442A2470AE004A90D2 /* Release */ = {
			isa = XCBuildConfiguration;
			buildSettings = {
				ASSETCATALOG_COMPILER_APPICON_NAME = AppIcon;
				ASSETCATALOG_COMPILER_GLOBAL_ACCENT_COLOR_NAME = AccentColor;
				CODE_SIGN_STYLE = Automatic;
				CURRENT_PROJECT_VERSION = 1;
				DEVELOPMENT_ASSET_PATHS = "\"HamburgerMenu_withModes_SwiftUI/Preview Content\"";
				ENABLE_PREVIEWS = YES;
				GENERATE_INFOPLIST_FILE = YES;
				INFOPLIST_KEY_UIApplicationSceneManifest_Generation = YES;
				INFOPLIST_KEY_UIApplicationSupportsIndirectInputEvents = YES;
				INFOPLIST_KEY_UILaunchScreen_Generation = YES;
				INFOPLIST_KEY_UISupportedInterfaceOrientations_iPad = "UIInterfaceOrientationPortrait UIInterfaceOrientationPortraitUpsideDown UIInterfaceOrientationLandscapeLeft UIInterfaceOrientationLandscapeRight";
				INFOPLIST_KEY_UISupportedInterfaceOrientations_iPhone = "UIInterfaceOrientationPortrait UIInterfaceOrientationLandscapeLeft UIInterfaceOrientationLandscapeRight";
				LD_RUNPATH_SEARCH_PATHS = (
					"$(inherited)",
					"@executable_path/Frameworks",
				);
				MARKETING_VERSION = 1.0;
				PRODUCT_BUNDLE_IDENTIFIER = "Kah-Services.HamburgerMenu-withModes-SwiftUI";
				PRODUCT_NAME = "$(TARGET_NAME)";
				SWIFT_EMIT_LOC_STRINGS = YES;
				SWIFT_VERSION = 5.0;
				TARGETED_DEVICE_FAMILY = "1,2";
			};
			name = Release;
		};
		50321B462A2470AE004A90D2 /* Debug */ = {
			isa = XCBuildConfiguration;
			buildSettings = {
				ALWAYS_EMBED_SWIFT_STANDARD_LIBRARIES = YES;
				BUNDLE_LOADER = "$(TEST_HOST)";
				CODE_SIGN_STYLE = Automatic;
				CURRENT_PROJECT_VERSION = 1;
				GENERATE_INFOPLIST_FILE = YES;
				IPHONEOS_DEPLOYMENT_TARGET = 15.5;
				MARKETING_VERSION = 1.0;
				PRODUCT_BUNDLE_IDENTIFIER = "Kah-Services.HamburgerMenu-withModes-SwiftUITests";
				PRODUCT_NAME = "$(TARGET_NAME)";
				SWIFT_EMIT_LOC_STRINGS = NO;
				SWIFT_VERSION = 5.0;
				TARGETED_DEVICE_FAMILY = "1,2";
				TEST_HOST = "$(BUILT_PRODUCTS_DIR)/HamburgerMenu_withModes_SwiftUI.app/HamburgerMenu_withModes_SwiftUI";
			};
			name = Debug;
		};
		50321B472A2470AE004A90D2 /* Release */ = {
			isa = XCBuildConfiguration;
			buildSettings = {
				ALWAYS_EMBED_SWIFT_STANDARD_LIBRARIES = YES;
				BUNDLE_LOADER = "$(TEST_HOST)";
				CODE_SIGN_STYLE = Automatic;
				CURRENT_PROJECT_VERSION = 1;
				GENERATE_INFOPLIST_FILE = YES;
				IPHONEOS_DEPLOYMENT_TARGET = 15.5;
				MARKETING_VERSION = 1.0;
				PRODUCT_BUNDLE_IDENTIFIER = "Kah-Services.HamburgerMenu-withModes-SwiftUITests";
				PRODUCT_NAME = "$(TARGET_NAME)";
				SWIFT_EMIT_LOC_STRINGS = NO;
				SWIFT_VERSION = 5.0;
				TARGETED_DEVICE_FAMILY = "1,2";
				TEST_HOST = "$(BUILT_PRODUCTS_DIR)/HamburgerMenu_withModes_SwiftUI.app/HamburgerMenu_withModes_SwiftUI";
			};
			name = Release;
		};
		50321B492A2470AE004A90D2 /* Debug */ = {
			isa = XCBuildConfiguration;
			buildSettings = {
				ALWAYS_EMBED_SWIFT_STANDARD_LIBRARIES = YES;
				CODE_SIGN_STYLE = Automatic;
				CURRENT_PROJECT_VERSION = 1;
				GENERATE_INFOPLIST_FILE = YES;
				MARKETING_VERSION = 1.0;
				PRODUCT_BUNDLE_IDENTIFIER = "Kah-Services.HamburgerMenu-withModes-SwiftUIUITests";
				PRODUCT_NAME = "$(TARGET_NAME)";
				SWIFT_EMIT_LOC_STRINGS = NO;
				SWIFT_VERSION = 5.0;
				TARGETED_DEVICE_FAMILY = "1,2";
				TEST_TARGET_NAME = HamburgerMenu_withModes_SwiftUI;
			};
			name = Debug;
		};
		50321B4A2A2470AE004A90D2 /* Release */ = {
			isa = XCBuildConfiguration;
			buildSettings = {
				ALWAYS_EMBED_SWIFT_STANDARD_LIBRARIES = YES;
				CODE_SIGN_STYLE = Automatic;
				CURRENT_PROJECT_VERSION = 1;
				GENERATE_INFOPLIST_FILE = YES;
				MARKETING_VERSION = 1.0;
				PRODUCT_BUNDLE_IDENTIFIER = "Kah-Services.HamburgerMenu-withModes-SwiftUIUITests";
				PRODUCT_NAME = "$(TARGET_NAME)";
				SWIFT_EMIT_LOC_STRINGS = NO;
				SWIFT_VERSION = 5.0;
				TARGETED_DEVICE_FAMILY = "1,2";
				TEST_TARGET_NAME = HamburgerMenu_withModes_SwiftUI;
			};
			name = Release;
		};
/* End XCBuildConfiguration section */

/* Begin XCConfigurationList section */
		50321B192A2470A8004A90D2 /* Build configuration list for PBXProject "HamburgerMenu_withModes_SwiftUI" */ = {
			isa = XCConfigurationList;
			buildConfigurations = (
				50321B402A2470AE004A90D2 /* Debug */,
				50321B412A2470AE004A90D2 /* Release */,
			);
			defaultConfigurationIsVisible = 0;
			defaultConfigurationName = Release;
		};
		50321B422A2470AE004A90D2 /* Build configuration list for PBXNativeTarget "HamburgerMenu_withModes_SwiftUI" */ = {
			isa = XCConfigurationList;
			buildConfigurations = (
				50321B432A2470AE004A90D2 /* Debug */,
				50321B442A2470AE004A90D2 /* Release */,
			);
			defaultConfigurationIsVisible = 0;
			defaultConfigurationName = Release;
		};
		50321B452A2470AE004A90D2 /* Build configuration list for PBXNativeTarget "HamburgerMenu_withModes_SwiftUITests" */ = {
			isa = XCConfigurationList;
			buildConfigurations = (
				50321B462A2470AE004A90D2 /* Debug */,
				50321B472A2470AE004A90D2 /* Release */,
			);
			defaultConfigurationIsVisible = 0;
			defaultConfigurationName = Release;
		};
		50321B482A2470AE004A90D2 /* Build configuration list for PBXNativeTarget "HamburgerMenu_withModes_SwiftUIUITests" */ = {
			isa = XCConfigurationList;
			buildConfigurations = (
				50321B492A2470AE004A90D2 /* Debug */,
				50321B4A2A2470AE004A90D2 /* Release */,
			);
			defaultConfigurationIsVisible = 0;
			defaultConfigurationName = Release;
		};
/* End XCConfigurationList section */
	};
	rootObject = 50321B162A2470A8004A90D2 /* Project object */;
}
