// !$*UTF8*$!
{
	archiveVersion = 1;
	classes = {
	};
	objectVersion = 55;
	objects = {

/* Begin PBXBuildFile section */
		5001F74A2A1CC637003113C5 /* SwiftUI_Basics_and_EssentialsApp.swift in Sources */ = {isa = PBXBuildFile; fileRef = 5001F7492A1CC637003113C5 /* SwiftUI_Basics_and_EssentialsApp.swift */; };
		5001F74C2A1CC637003113C5 /* ContentView.swift in Sources */ = {isa = PBXBuildFile; fileRef = 5001F74B2A1CC637003113C5 /* ContentView.swift */; };
		5001F74E2A1CC63C003113C5 /* Assets.xcassets in Resources */ = {isa = PBXBuildFile; fileRef = 5001F74D2A1CC63C003113C5 /* Assets.xcassets */; };
		5001F7512A1CC63C003113C5 /* Preview Assets.xcassets in Resources */ = {isa = PBXBuildFile; fileRef = 5001F7502A1CC63C003113C5 /* Preview Assets.xcassets */; };
		5001F75B2A1CC63D003113C5 /* SwiftUI_Basics_and_EssentialsTests.swift in Sources */ = {isa = PBXBuildFile; fileRef = 5001F75A2A1CC63D003113C5 /* SwiftUI_Basics_and_EssentialsTests.swift */; };
		5001F7652A1CC63D003113C5 /* SwiftUI_Basics_and_EssentialsUITests.swift in Sources */ = {isa = PBXBuildFile; fileRef = 5001F7642A1CC63D003113C5 /* SwiftUI_Basics_and_EssentialsUITests.swift */; };
		5001F7672A1CC63D003113C5 /* SwiftUI_Basics_and_EssentialsUITestsLaunchTests.swift in Sources */ = {isa = PBXBuildFile; fileRef = 5001F7662A1CC63D003113C5 /* SwiftUI_Basics_and_EssentialsUITestsLaunchTests.swift */; };
		5001F7742A1CC7CC003113C5 /* ImageView.swift in Sources */ = {isa = PBXBuildFile; fileRef = 5001F7732A1CC7CC003113C5 /* ImageView.swift */; };
		5001F7762A1CC96D003113C5 /* MapView.swift in Sources */ = {isa = PBXBuildFile; fileRef = 5001F7752A1CC96D003113C5 /* MapView.swift */; };
		5001F7792A1CD833003113C5 /* Contents.swift in Sources */ = {isa = PBXBuildFile; fileRef = 5001F7782A1CD833003113C5 /* Contents.swift */; };
/* End PBXBuildFile section */

/* Begin PBXContainerItemProxy section */
		5001F7572A1CC63D003113C5 /* PBXContainerItemProxy */ = {
			isa = PBXContainerItemProxy;
			containerPortal = 5001F73E2A1CC637003113C5 /* Project object */;
			proxyType = 1;
			remoteGlobalIDString = 5001F7452A1CC637003113C5;
			remoteInfo = "SwiftUI Basics and Essentials";
		};
		5001F7612A1CC63D003113C5 /* PBXContainerItemProxy */ = {
			isa = PBXContainerItemProxy;
			containerPortal = 5001F73E2A1CC637003113C5 /* Project object */;
			proxyType = 1;
			remoteGlobalIDString = 5001F7452A1CC637003113C5;
			remoteInfo = "SwiftUI Basics and Essentials";
		};
/* End PBXContainerItemProxy section */

/* Begin PBXFileReference section */
		5001F7462A1CC637003113C5 /* SwiftUI Basics and Essentials.app */ = {isa = PBXFileReference; explicitFileType = wrapper.application; includeInIndex = 0; path = "SwiftUI Basics and Essentials.app"; sourceTree = BUILT_PRODUCTS_DIR; };
		5001F7492A1CC637003113C5 /* SwiftUI_Basics_and_EssentialsApp.swift */ = {isa = PBXFileReference; lastKnownFileType = sourcecode.swift; path = SwiftUI_Basics_and_EssentialsApp.swift; sourceTree = "<group>"; };
		5001F74B2A1CC637003113C5 /* ContentView.swift */ = {isa = PBXFileReference; lastKnownFileType = sourcecode.swift; path = ContentView.swift; sourceTree = "<group>"; };
		5001F74D2A1CC63C003113C5 /* Assets.xcassets */ = {isa = PBXFileReference; lastKnownFileType = folder.assetcatalog; path = Assets.xcassets; sourceTree = "<group>"; };
		5001F7502A1CC63C003113C5 /* Preview Assets.xcassets */ = {isa = PBXFileReference; lastKnownFileType = folder.assetcatalog; path = "Preview Assets.xcassets"; sourceTree = "<group>"; };
		5001F7562A1CC63D003113C5 /* SwiftUI Basics and EssentialsTests.xctest */ = {isa = PBXFileReference; explicitFileType = wrapper.cfbundle; includeInIndex = 0; path = "SwiftUI Basics and EssentialsTests.xctest"; sourceTree = BUILT_PRODUCTS_DIR; };
		5001F75A2A1CC63D003113C5 /* SwiftUI_Basics_and_EssentialsTests.swift */ = {isa = PBXFileReference; lastKnownFileType = sourcecode.swift; path = SwiftUI_Basics_and_EssentialsTests.swift; sourceTree = "<group>"; };
		5001F7602A1CC63D003113C5 /* SwiftUI Basics and EssentialsUITests.xctest */ = {isa = PBXFileReference; explicitFileType = wrapper.cfbundle; includeInIndex = 0; path = "SwiftUI Basics and EssentialsUITests.xctest"; sourceTree = BUILT_PRODUCTS_DIR; };
		5001F7642A1CC63D003113C5 /* SwiftUI_Basics_and_EssentialsUITests.swift */ = {isa = PBXFileReference; lastKnownFileType = sourcecode.swift; path = SwiftUI_Basics_and_EssentialsUITests.swift; sourceTree = "<group>"; };
		5001F7662A1CC63D003113C5 /* SwiftUI_Basics_and_EssentialsUITestsLaunchTests.swift */ = {isa = PBXFileReference; lastKnownFileType = sourcecode.swift; path = SwiftUI_Basics_and_EssentialsUITestsLaunchTests.swift; sourceTree = "<group>"; };
		5001F7732A1CC7CC003113C5 /* ImageView.swift */ = {isa = PBXFileReference; lastKnownFileType = sourcecode.swift; path = ImageView.swift; sourceTree = "<group>"; };
		5001F7752A1CC96D003113C5 /* MapView.swift */ = {isa = PBXFileReference; lastKnownFileType = sourcecode.swift; path = MapView.swift; sourceTree = "<group>"; };
		5001F7782A1CD833003113C5 /* Contents.swift */ = {isa = PBXFileReference; lastKnownFileType = sourcecode.swift; path = Contents.swift; sourceTree = "<group>"; };
/* End PBXFileReference section */

/* Begin PBXFrameworksBuildPhase section */
		5001F7432A1CC637003113C5 /* Frameworks */ = {
			isa = PBXFrameworksBuildPhase;
			buildActionMask = 2147483647;
			files = (
			);
			runOnlyForDeploymentPostprocessing = 0;
		};
		5001F7532A1CC63D003113C5 /* Frameworks */ = {
			isa = PBXFrameworksBuildPhase;
			buildActionMask = 2147483647;
			files = (
			);
			runOnlyForDeploymentPostprocessing = 0;
		};
		5001F75D2A1CC63D003113C5 /* Frameworks */ = {
			isa = PBXFrameworksBuildPhase;
			buildActionMask = 2147483647;
			files = (
			);
			runOnlyForDeploymentPostprocessing = 0;
		};
/* End PBXFrameworksBuildPhase section */

/* Begin PBXGroup section */
		5001F73D2A1CC637003113C5 = {
			isa = PBXGroup;
			children = (
				5001F7482A1CC637003113C5 /* SwiftUI Basics and Essentials */,
				5001F7592A1CC63D003113C5 /* SwiftUI Basics and EssentialsTests */,
				5001F7632A1CC63D003113C5 /* SwiftUI Basics and EssentialsUITests */,
				5001F7472A1CC637003113C5 /* Products */,
			);
			sourceTree = "<group>";
		};
		5001F7472A1CC637003113C5 /* Products */ = {
			isa = PBXGroup;
			children = (
				5001F7462A1CC637003113C5 /* SwiftUI Basics and Essentials.app */,
				5001F7562A1CC63D003113C5 /* SwiftUI Basics and EssentialsTests.xctest */,
				5001F7602A1CC63D003113C5 /* SwiftUI Basics and EssentialsUITests.xctest */,
			);
			name = Products;
			sourceTree = "<group>";
		};
		5001F7482A1CC637003113C5 /* SwiftUI Basics and Essentials */ = {
			isa = PBXGroup;
			children = (
				5001F7492A1CC637003113C5 /* SwiftUI_Basics_and_EssentialsApp.swift */,
				5001F74B2A1CC637003113C5 /* ContentView.swift */,
				5001F7782A1CD833003113C5 /* Contents.swift */,
				5001F7772A1CD818003113C5 /* UIViews */,
				5001F74D2A1CC63C003113C5 /* Assets.xcassets */,
				5001F74F2A1CC63C003113C5 /* Preview Content */,
			);
			path = "SwiftUI Basics and Essentials";
			sourceTree = "<group>";
		};
		5001F74F2A1CC63C003113C5 /* Preview Content */ = {
			isa = PBXGroup;
			children = (
				5001F7502A1CC63C003113C5 /* Preview Assets.xcassets */,
			);
			path = "Preview Content";
			sourceTree = "<group>";
		};
		5001F7592A1CC63D003113C5 /* SwiftUI Basics and EssentialsTests */ = {
			isa = PBXGroup;
			children = (
				5001F75A2A1CC63D003113C5 /* SwiftUI_Basics_and_EssentialsTests.swift */,
			);
			path = "SwiftUI Basics and EssentialsTests";
			sourceTree = "<group>";
		};
		5001F7632A1CC63D003113C5 /* SwiftUI Basics and EssentialsUITests */ = {
			isa = PBXGroup;
			children = (
				5001F7642A1CC63D003113C5 /* SwiftUI_Basics_and_EssentialsUITests.swift */,
				5001F7662A1CC63D003113C5 /* SwiftUI_Basics_and_EssentialsUITestsLaunchTests.swift */,
			);
			path = "SwiftUI Basics and EssentialsUITests";
			sourceTree = "<group>";
		};
		5001F7772A1CD818003113C5 /* UIViews */ = {
			isa = PBXGroup;
			children = (
				5001F7732A1CC7CC003113C5 /* ImageView.swift */,
				5001F7752A1CC96D003113C5 /* MapView.swift */,
			);
			path = UIViews;
			sourceTree = "<group>";
		};
/* End PBXGroup section */

/* Begin PBXNativeTarget section */
		5001F7452A1CC637003113C5 /* SwiftUI Basics and Essentials */ = {
			isa = PBXNativeTarget;
			buildConfigurationList = 5001F76A2A1CC63D003113C5 /* Build configuration list for PBXNativeTarget "SwiftUI Basics and Essentials" */;
			buildPhases = (
				5001F7422A1CC637003113C5 /* Sources */,
				5001F7432A1CC637003113C5 /* Frameworks */,
				5001F7442A1CC637003113C5 /* Resources */,
			);
			buildRules = (
			);
			dependencies = (
			);
			name = "SwiftUI Basics and Essentials";
			productName = "SwiftUI Basics and Essentials";
			productReference = 5001F7462A1CC637003113C5 /* SwiftUI Basics and Essentials.app */;
			productType = "com.apple.product-type.application";
		};
		5001F7552A1CC63D003113C5 /* SwiftUI Basics and EssentialsTests */ = {
			isa = PBXNativeTarget;
			buildConfigurationList = 5001F76D2A1CC63D003113C5 /* Build configuration list for PBXNativeTarget "SwiftUI Basics and EssentialsTests" */;
			buildPhases = (
				5001F7522A1CC63D003113C5 /* Sources */,
				5001F7532A1CC63D003113C5 /* Frameworks */,
				5001F7542A1CC63D003113C5 /* Resources */,
			);
			buildRules = (
			);
			dependencies = (
				5001F7582A1CC63D003113C5 /* PBXTargetDependency */,
			);
			name = "SwiftUI Basics and EssentialsTests";
			productName = "SwiftUI Basics and EssentialsTests";
			productReference = 5001F7562A1CC63D003113C5 /* SwiftUI Basics and EssentialsTests.xctest */;
			productType = "com.apple.product-type.bundle.unit-test";
		};
		5001F75F2A1CC63D003113C5 /* SwiftUI Basics and EssentialsUITests */ = {
			isa = PBXNativeTarget;
			buildConfigurationList = 5001F7702A1CC63D003113C5 /* Build configuration list for PBXNativeTarget "SwiftUI Basics and EssentialsUITests" */;
			buildPhases = (
				5001F75C2A1CC63D003113C5 /* Sources */,
				5001F75D2A1CC63D003113C5 /* Frameworks */,
				5001F75E2A1CC63D003113C5 /* Resources */,
			);
			buildRules = (
			);
			dependencies = (
				5001F7622A1CC63D003113C5 /* PBXTargetDependency */,
			);
			name = "SwiftUI Basics and EssentialsUITests";
			productName = "SwiftUI Basics and EssentialsUITests";
			productReference = 5001F7602A1CC63D003113C5 /* SwiftUI Basics and EssentialsUITests.xctest */;
			productType = "com.apple.product-type.bundle.ui-testing";
		};
/* End PBXNativeTarget section */

/* Begin PBXProject section */
		5001F73E2A1CC637003113C5 /* Project object */ = {
			isa = PBXProject;
			attributes = {
				BuildIndependentTargetsInParallel = 1;
				LastSwiftUpdateCheck = 1340;
				LastUpgradeCheck = 1340;
				TargetAttributes = {
					5001F7452A1CC637003113C5 = {
						CreatedOnToolsVersion = 13.4.1;
					};
					5001F7552A1CC63D003113C5 = {
						CreatedOnToolsVersion = 13.4.1;
						TestTargetID = 5001F7452A1CC637003113C5;
					};
					5001F75F2A1CC63D003113C5 = {
						CreatedOnToolsVersion = 13.4.1;
						TestTargetID = 5001F7452A1CC637003113C5;
					};
				};
			};
			buildConfigurationList = 5001F7412A1CC637003113C5 /* Build configuration list for PBXProject "SwiftUI Basics and Essentials" */;
			compatibilityVersion = "Xcode 13.0";
			developmentRegion = en;
			hasScannedForEncodings = 0;
			knownRegions = (
				en,
				Base,
			);
			mainGroup = 5001F73D2A1CC637003113C5;
			productRefGroup = 5001F7472A1CC637003113C5 /* Products */;
			projectDirPath = "";
			projectRoot = "";
			targets = (
				5001F7452A1CC637003113C5 /* SwiftUI Basics and Essentials */,
				5001F7552A1CC63D003113C5 /* SwiftUI Basics and EssentialsTests */,
				5001F75F2A1CC63D003113C5 /* SwiftUI Basics and EssentialsUITests */,
			);
		};
/* End PBXProject section */

/* Begin PBXResourcesBuildPhase section */
		5001F7442A1CC637003113C5 /* Resources */ = {
			isa = PBXResourcesBuildPhase;
			buildActionMask = 2147483647;
			files = (
				5001F7512A1CC63C003113C5 /* Preview Assets.xcassets in Resources */,
				5001F74E2A1CC63C003113C5 /* Assets.xcassets in Resources */,
			);
			runOnlyForDeploymentPostprocessing = 0;
		};
		5001F7542A1CC63D003113C5 /* Resources */ = {
			isa = PBXResourcesBuildPhase;
			buildActionMask = 2147483647;
			files = (
			);
			runOnlyForDeploymentPostprocessing = 0;
		};
		5001F75E2A1CC63D003113C5 /* Resources */ = {
			isa = PBXResourcesBuildPhase;
			buildActionMask = 2147483647;
			files = (
			);
			runOnlyForDeploymentPostprocessing = 0;
		};
/* End PBXResourcesBuildPhase section */

/* Begin PBXSourcesBuildPhase section */
		5001F7422A1CC637003113C5 /* Sources */ = {
			isa = PBXSourcesBuildPhase;
			buildActionMask = 2147483647;
			files = (
				5001F7742A1CC7CC003113C5 /* ImageView.swift in Sources */,
				5001F7792A1CD833003113C5 /* Contents.swift in Sources */,
				5001F7762A1CC96D003113C5 /* MapView.swift in Sources */,
				5001F74C2A1CC637003113C5 /* ContentView.swift in Sources */,
				5001F74A2A1CC637003113C5 /* SwiftUI_Basics_and_EssentialsApp.swift in Sources */,
			);
			runOnlyForDeploymentPostprocessing = 0;
		};
		5001F7522A1CC63D003113C5 /* Sources */ = {
			isa = PBXSourcesBuildPhase;
			buildActionMask = 2147483647;
			files = (
				5001F75B2A1CC63D003113C5 /* SwiftUI_Basics_and_EssentialsTests.swift in Sources */,
			);
			runOnlyForDeploymentPostprocessing = 0;
		};
		5001F75C2A1CC63D003113C5 /* Sources */ = {
			isa = PBXSourcesBuildPhase;
			buildActionMask = 2147483647;
			files = (
				5001F7672A1CC63D003113C5 /* SwiftUI_Basics_and_EssentialsUITestsLaunchTests.swift in Sources */,
				5001F7652A1CC63D003113C5 /* SwiftUI_Basics_and_EssentialsUITests.swift in Sources */,
			);
			runOnlyForDeploymentPostprocessing = 0;
		};
/* End PBXSourcesBuildPhase section */

/* Begin PBXTargetDependency section */
		5001F7582A1CC63D003113C5 /* PBXTargetDependency */ = {
			isa = PBXTargetDependency;
			target = 5001F7452A1CC637003113C5 /* SwiftUI Basics and Essentials */;
			targetProxy = 5001F7572A1CC63D003113C5 /* PBXContainerItemProxy */;
		};
		5001F7622A1CC63D003113C5 /* PBXTargetDependency */ = {
			isa = PBXTargetDependency;
			target = 5001F7452A1CC637003113C5 /* SwiftUI Basics and Essentials */;
			targetProxy = 5001F7612A1CC63D003113C5 /* PBXContainerItemProxy */;
		};
/* End PBXTargetDependency section */

/* Begin XCBuildConfiguration section */
		5001F7682A1CC63D003113C5 /* Debug */ = {
			isa = XCBuildConfiguration;
			buildSettings = {
				ALWAYS_SEARCH_USER_PATHS = NO;
				CLANG_ANALYZER_NONNULL = YES;
				CLANG_ANALYZER_NUMBER_OBJECT_CONVERSION = YES_AGGRESSIVE;
				CLANG_CXX_LANGUAGE_STANDARD = "gnu++17";
				CLANG_ENABLE_MODULES = YES;
				CLANG_ENABLE_OBJC_ARC = YES;
				CLANG_ENABLE_OBJC_WEAK = YES;
				CLANG_WARN_BLOCK_CAPTURE_AUTORELEASING = YES;
				CLANG_WARN_BOOL_CONVERSION = YES;
				CLANG_WARN_COMMA = YES;
				CLANG_WARN_CONSTANT_CONVERSION = YES;
				CLANG_WARN_DEPRECATED_OBJC_IMPLEMENTATIONS = YES;
				CLANG_WARN_DIRECT_OBJC_ISA_USAGE = YES_ERROR;
				CLANG_WARN_DOCUMENTATION_COMMENTS = YES;
				CLANG_WARN_EMPTY_BODY = YES;
				CLANG_WARN_ENUM_CONVERSION = YES;
				CLANG_WARN_INFINITE_RECURSION = YES;
				CLANG_WARN_INT_CONVERSION = YES;
				CLANG_WARN_NON_LITERAL_NULL_CONVERSION = YES;
				CLANG_WARN_OBJC_IMPLICIT_RETAIN_SELF = YES;
				CLANG_WARN_OBJC_LITERAL_CONVERSION = YES;
				CLANG_WARN_OBJC_ROOT_CLASS = YES_ERROR;
				CLANG_WARN_QUOTED_INCLUDE_IN_FRAMEWORK_HEADER = YES;
				CLANG_WARN_RANGE_LOOP_ANALYSIS = YES;
				CLANG_WARN_STRICT_PROTOTYPES = YES;
				CLANG_WARN_SUSPICIOUS_MOVE = YES;
				CLANG_WARN_UNGUARDED_AVAILABILITY = YES_AGGRESSIVE;
				CLANG_WARN_UNREACHABLE_CODE = YES;
				CLANG_WARN__DUPLICATE_METHOD_MATCH = YES;
				COPY_PHASE_STRIP = NO;
				DEBUG_INFORMATION_FORMAT = dwarf;
				ENABLE_STRICT_OBJC_MSGSEND = YES;
				ENABLE_TESTABILITY = YES;
				GCC_C_LANGUAGE_STANDARD = gnu11;
				GCC_DYNAMIC_NO_PIC = NO;
				GCC_NO_COMMON_BLOCKS = YES;
				GCC_OPTIMIZATION_LEVEL = 0;
				GCC_PREPROCESSOR_DEFINITIONS = (
					"DEBUG=1",
					"$(inherited)",
				);
				GCC_WARN_64_TO_32_BIT_CONVERSION = YES;
				GCC_WARN_ABOUT_RETURN_TYPE = YES_ERROR;
				GCC_WARN_UNDECLARED_SELECTOR = YES;
				GCC_WARN_UNINITIALIZED_AUTOS = YES_AGGRESSIVE;
				GCC_WARN_UNUSED_FUNCTION = YES;
				GCC_WARN_UNUSED_VARIABLE = YES;
				IPHONEOS_DEPLOYMENT_TARGET = 15.5;
				MTL_ENABLE_DEBUG_INFO = INCLUDE_SOURCE;
				MTL_FAST_MATH = YES;
				ONLY_ACTIVE_ARCH = YES;
				SDKROOT = iphoneos;
				SWIFT_ACTIVE_COMPILATION_CONDITIONS = DEBUG;
				SWIFT_OPTIMIZATION_LEVEL = "-Onone";
			};
			name = Debug;
		};
		5001F7692A1CC63D003113C5 /* Release */ = {
			isa = XCBuildConfiguration;
			buildSettings = {
				ALWAYS_SEARCH_USER_PATHS = NO;
				CLANG_ANALYZER_NONNULL = YES;
				CLANG_ANALYZER_NUMBER_OBJECT_CONVERSION = YES_AGGRESSIVE;
				CLANG_CXX_LANGUAGE_STANDARD = "gnu++17";
				CLANG_ENABLE_MODULES = YES;
				CLANG_ENABLE_OBJC_ARC = YES;
				CLANG_ENABLE_OBJC_WEAK = YES;
				CLANG_WARN_BLOCK_CAPTURE_AUTORELEASING = YES;
				CLANG_WARN_BOOL_CONVERSION = YES;
				CLANG_WARN_COMMA = YES;
				CLANG_WARN_CONSTANT_CONVERSION = YES;
				CLANG_WARN_DEPRECATED_OBJC_IMPLEMENTATIONS = YES;
				CLANG_WARN_DIRECT_OBJC_ISA_USAGE = YES_ERROR;
				CLANG_WARN_DOCUMENTATION_COMMENTS = YES;
				CLANG_WARN_EMPTY_BODY = YES;
				CLANG_WARN_ENUM_CONVERSION = YES;
				CLANG_WARN_INFINITE_RECURSION = YES;
				CLANG_WARN_INT_CONVERSION = YES;
				CLANG_WARN_NON_LITERAL_NULL_CONVERSION = YES;
				CLANG_WARN_OBJC_IMPLICIT_RETAIN_SELF = YES;
				CLANG_WARN_OBJC_LITERAL_CONVERSION = YES;
				CLANG_WARN_OBJC_ROOT_CLASS = YES_ERROR;
				CLANG_WARN_QUOTED_INCLUDE_IN_FRAMEWORK_HEADER = YES;
				CLANG_WARN_RANGE_LOOP_ANALYSIS = YES;
				CLANG_WARN_STRICT_PROTOTYPES = YES;
				CLANG_WARN_SUSPICIOUS_MOVE = YES;
				CLANG_WARN_UNGUARDED_AVAILABILITY = YES_AGGRESSIVE;
				CLANG_WARN_UNREACHABLE_CODE = YES;
				CLANG_WARN__DUPLICATE_METHOD_MATCH = YES;
				COPY_PHASE_STRIP = NO;
				DEBUG_INFORMATION_FORMAT = "dwarf-with-dsym";
				ENABLE_NS_ASSERTIONS = NO;
				ENABLE_STRICT_OBJC_MSGSEND = YES;
				GCC_C_LANGUAGE_STANDARD = gnu11;
				GCC_NO_COMMON_BLOCKS = YES;
				GCC_WARN_64_TO_32_BIT_CONVERSION = YES;
				GCC_WARN_ABOUT_RETURN_TYPE = YES_ERROR;
				GCC_WARN_UNDECLARED_SELECTOR = YES;
				GCC_WARN_UNINITIALIZED_AUTOS = YES_AGGRESSIVE;
				GCC_WARN_UNUSED_FUNCTION = YES;
				GCC_WARN_UNUSED_VARIABLE = YES;
				IPHONEOS_DEPLOYMENT_TARGET = 15.5;
				MTL_ENABLE_DEBUG_INFO = NO;
				MTL_FAST_MATH = YES;
				SDKROOT = iphoneos;
				SWIFT_COMPILATION_MODE = wholemodule;
				SWIFT_OPTIMIZATION_LEVEL = "-O";
				VALIDATE_PRODUCT = YES;
			};
			name = Release;
		};
		5001F76B2A1CC63D003113C5 /* Debug */ = {
			isa = XCBuildConfiguration;
			buildSettings = {
				ASSETCATALOG_COMPILER_APPICON_NAME = AppIcon;
				ASSETCATALOG_COMPILER_GLOBAL_ACCENT_COLOR_NAME = AccentColor;
				CODE_SIGN_STYLE = Automatic;
				CURRENT_PROJECT_VERSION = 1;
				DEVELOPMENT_ASSET_PATHS = "\"SwiftUI Basics and Essentials/Preview Content\"";
				ENABLE_PREVIEWS = YES;
				GENERATE_INFOPLIST_FILE = YES;
				INFOPLIST_KEY_UIApplicationSceneManifest_Generation = YES;
				INFOPLIST_KEY_UIApplicationSupportsIndirectInputEvents = YES;
				INFOPLIST_KEY_UILaunchScreen_Generation = YES;
				INFOPLIST_KEY_UISupportedInterfaceOrientations_iPad = "UIInterfaceOrientationPortrait UIInterfaceOrientationPortraitUpsideDown UIInterfaceOrientationLandscapeLeft UIInterfaceOrientationLandscapeRight";
				INFOPLIST_KEY_UISupportedInterfaceOrientations_iPhone = "UIInterfaceOrientationPortrait UIInterfaceOrientationLandscapeLeft UIInterfaceOrientationLandscapeRight";
				LD_RUNPATH_SEARCH_PATHS = (
					"$(inherited)",
					"@executable_path/Frameworks",
				);
				MARKETING_VERSION = 1.0;
				PRODUCT_BUNDLE_IDENTIFIER = "Kah-Services.SwiftUI-Basics-and-Essentials";
				PRODUCT_NAME = "$(TARGET_NAME)";
				SWIFT_EMIT_LOC_STRINGS = YES;
				SWIFT_VERSION = 5.0;
				TARGETED_DEVICE_FAMILY = "1,2";
			};
			name = Debug;
		};
		5001F76C2A1CC63D003113C5 /* Release */ = {
			isa = XCBuildConfiguration;
			buildSettings = {
				ASSETCATALOG_COMPILER_APPICON_NAME = AppIcon;
				ASSETCATALOG_COMPILER_GLOBAL_ACCENT_COLOR_NAME = AccentColor;
				CODE_SIGN_STYLE = Automatic;
				CURRENT_PROJECT_VERSION = 1;
				DEVELOPMENT_ASSET_PATHS = "\"SwiftUI Basics and Essentials/Preview Content\"";
				ENABLE_PREVIEWS = YES;
				GENERATE_INFOPLIST_FILE = YES;
				INFOPLIST_KEY_UIApplicationSceneManifest_Generation = YES;
				INFOPLIST_KEY_UIApplicationSupportsIndirectInputEvents = YES;
				INFOPLIST_KEY_UILaunchScreen_Generation = YES;
				INFOPLIST_KEY_UISupportedInterfaceOrientations_iPad = "UIInterfaceOrientationPortrait UIInterfaceOrientationPortraitUpsideDown UIInterfaceOrientationLandscapeLeft UIInterfaceOrientationLandscapeRight";
				INFOPLIST_KEY_UISupportedInterfaceOrientations_iPhone = "UIInterfaceOrientationPortrait UIInterfaceOrientationLandscapeLeft UIInterfaceOrientationLandscapeRight";
				LD_RUNPATH_SEARCH_PATHS = (
					"$(inherited)",
					"@executable_path/Frameworks",
				);
				MARKETING_VERSION = 1.0;
				PRODUCT_BUNDLE_IDENTIFIER = "Kah-Services.SwiftUI-Basics-and-Essentials";
				PRODUCT_NAME = "$(TARGET_NAME)";
				SWIFT_EMIT_LOC_STRINGS = YES;
				SWIFT_VERSION = 5.0;
				TARGETED_DEVICE_FAMILY = "1,2";
			};
			name = Release;
		};
		5001F76E2A1CC63D003113C5 /* Debug */ = {
			isa = XCBuildConfiguration;
			buildSettings = {
				ALWAYS_EMBED_SWIFT_STANDARD_LIBRARIES = YES;
				BUNDLE_LOADER = "$(TEST_HOST)";
				CODE_SIGN_STYLE = Automatic;
				CURRENT_PROJECT_VERSION = 1;
				GENERATE_INFOPLIST_FILE = YES;
				IPHONEOS_DEPLOYMENT_TARGET = 15.5;
				MARKETING_VERSION = 1.0;
				PRODUCT_BUNDLE_IDENTIFIER = "Kah-Services.SwiftUI-Basics-and-EssentialsTests";
				PRODUCT_NAME = "$(TARGET_NAME)";
				SWIFT_EMIT_LOC_STRINGS = NO;
				SWIFT_VERSION = 5.0;
				TARGETED_DEVICE_FAMILY = "1,2";
				TEST_HOST = "$(BUILT_PRODUCTS_DIR)/SwiftUI Basics and Essentials.app/SwiftUI Basics and Essentials";
			};
			name = Debug;
		};
		5001F76F2A1CC63D003113C5 /* Release */ = {
			isa = XCBuildConfiguration;
			buildSettings = {
				ALWAYS_EMBED_SWIFT_STANDARD_LIBRARIES = YES;
				BUNDLE_LOADER = "$(TEST_HOST)";
				CODE_SIGN_STYLE = Automatic;
				CURRENT_PROJECT_VERSION = 1;
				GENERATE_INFOPLIST_FILE = YES;
				IPHONEOS_DEPLOYMENT_TARGET = 15.5;
				MARKETING_VERSION = 1.0;
				PRODUCT_BUNDLE_IDENTIFIER = "Kah-Services.SwiftUI-Basics-and-EssentialsTests";
				PRODUCT_NAME = "$(TARGET_NAME)";
				SWIFT_EMIT_LOC_STRINGS = NO;
				SWIFT_VERSION = 5.0;
				TARGETED_DEVICE_FAMILY = "1,2";
				TEST_HOST = "$(BUILT_PRODUCTS_DIR)/SwiftUI Basics and Essentials.app/SwiftUI Basics and Essentials";
			};
			name = Release;
		};
		5001F7712A1CC63D003113C5 /* Debug */ = {
			isa = XCBuildConfiguration;
			buildSettings = {
				ALWAYS_EMBED_SWIFT_STANDARD_LIBRARIES = YES;
				CODE_SIGN_STYLE = Automatic;
				CURRENT_PROJECT_VERSION = 1;
				GENERATE_INFOPLIST_FILE = YES;
				MARKETING_VERSION = 1.0;
				PRODUCT_BUNDLE_IDENTIFIER = "Kah-Services.SwiftUI-Basics-and-EssentialsUITests";
				PRODUCT_NAME = "$(TARGET_NAME)";
				SWIFT_EMIT_LOC_STRINGS = NO;
				SWIFT_VERSION = 5.0;
				TARGETED_DEVICE_FAMILY = "1,2";
				TEST_TARGET_NAME = "SwiftUI Basics and Essentials";
			};
			name = Debug;
		};
		5001F7722A1CC63D003113C5 /* Release */ = {
			isa = XCBuildConfiguration;
			buildSettings = {
				ALWAYS_EMBED_SWIFT_STANDARD_LIBRARIES = YES;
				CODE_SIGN_STYLE = Automatic;
				CURRENT_PROJECT_VERSION = 1;
				GENERATE_INFOPLIST_FILE = YES;
				MARKETING_VERSION = 1.0;
				PRODUCT_BUNDLE_IDENTIFIER = "Kah-Services.SwiftUI-Basics-and-EssentialsUITests";
				PRODUCT_NAME = "$(TARGET_NAME)";
				SWIFT_EMIT_LOC_STRINGS = NO;
				SWIFT_VERSION = 5.0;
				TARGETED_DEVICE_FAMILY = "1,2";
				TEST_TARGET_NAME = "SwiftUI Basics and Essentials";
			};
			name = Release;
		};
/* End XCBuildConfiguration section */

/* Begin XCConfigurationList section */
		5001F7412A1CC637003113C5 /* Build configuration list for PBXProject "SwiftUI Basics and Essentials" */ = {
			isa = XCConfigurationList;
			buildConfigurations = (
				5001F7682A1CC63D003113C5 /* Debug */,
				5001F7692A1CC63D003113C5 /* Release */,
			);
			defaultConfigurationIsVisible = 0;
			defaultConfigurationName = Release;
		};
		5001F76A2A1CC63D003113C5 /* Build configuration list for PBXNativeTarget "SwiftUI Basics and Essentials" */ = {
			isa = XCConfigurationList;
			buildConfigurations = (
				5001F76B2A1CC63D003113C5 /* Debug */,
				5001F76C2A1CC63D003113C5 /* Release */,
			);
			defaultConfigurationIsVisible = 0;
			defaultConfigurationName = Release;
		};
		5001F76D2A1CC63D003113C5 /* Build configuration list for PBXNativeTarget "SwiftUI Basics and EssentialsTests" */ = {
			isa = XCConfigurationList;
			buildConfigurations = (
				5001F76E2A1CC63D003113C5 /* Debug */,
				5001F76F2A1CC63D003113C5 /* Release */,
			);
			defaultConfigurationIsVisible = 0;
			defaultConfigurationName = Release;
		};
		5001F7702A1CC63D003113C5 /* Build configuration list for PBXNativeTarget "SwiftUI Basics and EssentialsUITests" */ = {
			isa = XCConfigurationList;
			buildConfigurations = (
				5001F7712A1CC63D003113C5 /* Debug */,
				5001F7722A1CC63D003113C5 /* Release */,
			);
			defaultConfigurationIsVisible = 0;
			defaultConfigurationName = Release;
		};
/* End XCConfigurationList section */
	};
	rootObject = 5001F73E2A1CC637003113C5 /* Project object */;
}
