// !$*UTF8*$!
{
	archiveVersion = 1;
	classes = {
	};
	objectVersion = 55;
	objects = {

/* Begin PBXBuildFile section */
		50B06B772A2712BD00468F64 /* ProtoType_SWIFTUIApp.swift in Sources */ = {isa = PBXBuildFile; fileRef = 50B06B762A2712BD00468F64 /* ProtoType_SWIFTUIApp.swift */; };
		50B06B792A2712BD00468F64 /* ContentView.swift in Sources */ = {isa = PBXBuildFile; fileRef = 50B06B782A2712BD00468F64 /* ContentView.swift */; };
		50B06B7B2A2712C200468F64 /* Assets.xcassets in Resources */ = {isa = PBXBuildFile; fileRef = 50B06B7A2A2712C200468F64 /* Assets.xcassets */; };
		50B06B7E2A2712C200468F64 /* Preview Assets.xcassets in Resources */ = {isa = PBXBuildFile; fileRef = 50B06B7D2A2712C200468F64 /* Preview Assets.xcassets */; };
		50B06B882A2712C300468F64 /* ProtoType_SWIFTUITests.swift in Sources */ = {isa = PBXBuildFile; fileRef = 50B06B872A2712C300468F64 /* ProtoType_SWIFTUITests.swift */; };
		50B06B922A2712C300468F64 /* ProtoType_SWIFTUIUITests.swift in Sources */ = {isa = PBXBuildFile; fileRef = 50B06B912A2712C300468F64 /* ProtoType_SWIFTUIUITests.swift */; };
		50B06B942A2712C300468F64 /* ProtoType_SWIFTUIUITestsLaunchTests.swift in Sources */ = {isa = PBXBuildFile; fileRef = 50B06B932A2712C300468F64 /* ProtoType_SWIFTUIUITestsLaunchTests.swift */; };
		50B06BA12A2715EE00468F64 /* CategoryCard.swift in Sources */ = {isa = PBXBuildFile; fileRef = 50B06BA02A2715EE00468F64 /* CategoryCard.swift */; };
		50B06BA32A271F1700468F64 /* Profile.swift in Sources */ = {isa = PBXBuildFile; fileRef = 50B06BA22A271F1700468F64 /* Profile.swift */; };
		50B06BA62A27224C00468F64 /* Categories.swift in Sources */ = {isa = PBXBuildFile; fileRef = 50B06BA52A27224C00468F64 /* Categories.swift */; };
		50B06BA82A27227200468F64 /* CategoryRow.swift in Sources */ = {isa = PBXBuildFile; fileRef = 50B06BA72A27227200468F64 /* CategoryRow.swift */; };
/* End PBXBuildFile section */

/* Begin PBXContainerItemProxy section */
		50B06B842A2712C300468F64 /* PBXContainerItemProxy */ = {
			isa = PBXContainerItemProxy;
			containerPortal = 50B06B6B2A2712BD00468F64 /* Project object */;
			proxyType = 1;
			remoteGlobalIDString = 50B06B722A2712BD00468F64;
			remoteInfo = ProtoType_SWIFTUI;
		};
		50B06B8E2A2712C300468F64 /* PBXContainerItemProxy */ = {
			isa = PBXContainerItemProxy;
			containerPortal = 50B06B6B2A2712BD00468F64 /* Project object */;
			proxyType = 1;
			remoteGlobalIDString = 50B06B722A2712BD00468F64;
			remoteInfo = ProtoType_SWIFTUI;
		};
/* End PBXContainerItemProxy section */

/* Begin PBXFileReference section */
		50B06B732A2712BD00468F64 /* ProtoType_SWIFTUI.app */ = {isa = PBXFileReference; explicitFileType = wrapper.application; includeInIndex = 0; path = ProtoType_SWIFTUI.app; sourceTree = BUILT_PRODUCTS_DIR; };
		50B06B762A2712BD00468F64 /* ProtoType_SWIFTUIApp.swift */ = {isa = PBXFileReference; lastKnownFileType = sourcecode.swift; path = ProtoType_SWIFTUIApp.swift; sourceTree = "<group>"; };
		50B06B782A2712BD00468F64 /* ContentView.swift */ = {isa = PBXFileReference; lastKnownFileType = sourcecode.swift; path = ContentView.swift; sourceTree = "<group>"; };
		50B06B7A2A2712C200468F64 /* Assets.xcassets */ = {isa = PBXFileReference; lastKnownFileType = folder.assetcatalog; path = Assets.xcassets; sourceTree = "<group>"; };
		50B06B7D2A2712C200468F64 /* Preview Assets.xcassets */ = {isa = PBXFileReference; lastKnownFileType = folder.assetcatalog; path = "Preview Assets.xcassets"; sourceTree = "<group>"; };
		50B06B832A2712C300468F64 /* ProtoType_SWIFTUITests.xctest */ = {isa = PBXFileReference; explicitFileType = wrapper.cfbundle; includeInIndex = 0; path = ProtoType_SWIFTUITests.xctest; sourceTree = BUILT_PRODUCTS_DIR; };
		50B06B872A2712C300468F64 /* ProtoType_SWIFTUITests.swift */ = {isa = PBXFileReference; lastKnownFileType = sourcecode.swift; path = ProtoType_SWIFTUITests.swift; sourceTree = "<group>"; };
		50B06B8D2A2712C300468F64 /* ProtoType_SWIFTUIUITests.xctest */ = {isa = PBXFileReference; explicitFileType = wrapper.cfbundle; includeInIndex = 0; path = ProtoType_SWIFTUIUITests.xctest; sourceTree = BUILT_PRODUCTS_DIR; };
		50B06B912A2712C300468F64 /* ProtoType_SWIFTUIUITests.swift */ = {isa = PBXFileReference; lastKnownFileType = sourcecode.swift; path = ProtoType_SWIFTUIUITests.swift; sourceTree = "<group>"; };
		50B06B932A2712C300468F64 /* ProtoType_SWIFTUIUITestsLaunchTests.swift */ = {isa = PBXFileReference; lastKnownFileType = sourcecode.swift; path = ProtoType_SWIFTUIUITestsLaunchTests.swift; sourceTree = "<group>"; };
		50B06BA02A2715EE00468F64 /* CategoryCard.swift */ = {isa = PBXFileReference; lastKnownFileType = sourcecode.swift; path = CategoryCard.swift; sourceTree = "<group>"; };
		50B06BA22A271F1700468F64 /* Profile.swift */ = {isa = PBXFileReference; lastKnownFileType = sourcecode.swift; path = Profile.swift; sourceTree = "<group>"; };
		50B06BA52A27224C00468F64 /* Categories.swift */ = {isa = PBXFileReference; lastKnownFileType = sourcecode.swift; path = Categories.swift; sourceTree = "<group>"; };
		50B06BA72A27227200468F64 /* CategoryRow.swift */ = {isa = PBXFileReference; lastKnownFileType = sourcecode.swift; path = CategoryRow.swift; sourceTree = "<group>"; };
/* End PBXFileReference section */

/* Begin PBXFrameworksBuildPhase section */
		50B06B702A2712BD00468F64 /* Frameworks */ = {
			isa = PBXFrameworksBuildPhase;
			buildActionMask = 2147483647;
			files = (
			);
			runOnlyForDeploymentPostprocessing = 0;
		};
		50B06B802A2712C300468F64 /* Frameworks */ = {
			isa = PBXFrameworksBuildPhase;
			buildActionMask = 2147483647;
			files = (
			);
			runOnlyForDeploymentPostprocessing = 0;
		};
		50B06B8A2A2712C300468F64 /* Frameworks */ = {
			isa = PBXFrameworksBuildPhase;
			buildActionMask = 2147483647;
			files = (
			);
			runOnlyForDeploymentPostprocessing = 0;
		};
/* End PBXFrameworksBuildPhase section */

/* Begin PBXGroup section */
		50B06B6A2A2712BD00468F64 = {
			isa = PBXGroup;
			children = (
				50B06B752A2712BD00468F64 /* ProtoType_SWIFTUI */,
				50B06B862A2712C300468F64 /* ProtoType_SWIFTUITests */,
				50B06B902A2712C300468F64 /* ProtoType_SWIFTUIUITests */,
				50B06B742A2712BD00468F64 /* Products */,
			);
			sourceTree = "<group>";
		};
		50B06B742A2712BD00468F64 /* Products */ = {
			isa = PBXGroup;
			children = (
				50B06B732A2712BD00468F64 /* ProtoType_SWIFTUI.app */,
				50B06B832A2712C300468F64 /* ProtoType_SWIFTUITests.xctest */,
				50B06B8D2A2712C300468F64 /* ProtoType_SWIFTUIUITests.xctest */,
			);
			name = Products;
			sourceTree = "<group>";
		};
		50B06B752A2712BD00468F64 /* ProtoType_SWIFTUI */ = {
			isa = PBXGroup;
			children = (
				50B06B762A2712BD00468F64 /* ProtoType_SWIFTUIApp.swift */,
				50B06BA42A27224000468F64 /* View */,
				50B06B7A2A2712C200468F64 /* Assets.xcassets */,
				50B06B7C2A2712C200468F64 /* Preview Content */,
			);
			path = ProtoType_SWIFTUI;
			sourceTree = "<group>";
		};
		50B06B7C2A2712C200468F64 /* Preview Content */ = {
			isa = PBXGroup;
			children = (
				50B06B7D2A2712C200468F64 /* Preview Assets.xcassets */,
			);
			path = "Preview Content";
			sourceTree = "<group>";
		};
		50B06B862A2712C300468F64 /* ProtoType_SWIFTUITests */ = {
			isa = PBXGroup;
			children = (
				50B06B872A2712C300468F64 /* ProtoType_SWIFTUITests.swift */,
			);
			path = ProtoType_SWIFTUITests;
			sourceTree = "<group>";
		};
		50B06B902A2712C300468F64 /* ProtoType_SWIFTUIUITests */ = {
			isa = PBXGroup;
			children = (
				50B06B912A2712C300468F64 /* ProtoType_SWIFTUIUITests.swift */,
				50B06B932A2712C300468F64 /* ProtoType_SWIFTUIUITestsLaunchTests.swift */,
			);
			path = ProtoType_SWIFTUIUITests;
			sourceTree = "<group>";
		};
		50B06BA42A27224000468F64 /* View */ = {
			isa = PBXGroup;
			children = (
				50B06B782A2712BD00468F64 /* ContentView.swift */,
				50B06BA22A271F1700468F64 /* Profile.swift */,
				50B06BA02A2715EE00468F64 /* CategoryCard.swift */,
				50B06BA52A27224C00468F64 /* Categories.swift */,
				50B06BA72A27227200468F64 /* CategoryRow.swift */,
			);
			path = View;
			sourceTree = "<group>";
		};
/* End PBXGroup section */

/* Begin PBXNativeTarget section */
		50B06B722A2712BD00468F64 /* ProtoType_SWIFTUI */ = {
			isa = PBXNativeTarget;
			buildConfigurationList = 50B06B972A2712C300468F64 /* Build configuration list for PBXNativeTarget "ProtoType_SWIFTUI" */;
			buildPhases = (
				50B06B6F2A2712BD00468F64 /* Sources */,
				50B06B702A2712BD00468F64 /* Frameworks */,
				50B06B712A2712BD00468F64 /* Resources */,
			);
			buildRules = (
			);
			dependencies = (
			);
			name = ProtoType_SWIFTUI;
			productName = ProtoType_SWIFTUI;
			productReference = 50B06B732A2712BD00468F64 /* ProtoType_SWIFTUI.app */;
			productType = "com.apple.product-type.application";
		};
		50B06B822A2712C300468F64 /* ProtoType_SWIFTUITests */ = {
			isa = PBXNativeTarget;
			buildConfigurationList = 50B06B9A2A2712C300468F64 /* Build configuration list for PBXNativeTarget "ProtoType_SWIFTUITests" */;
			buildPhases = (
				50B06B7F2A2712C300468F64 /* Sources */,
				50B06B802A2712C300468F64 /* Frameworks */,
				50B06B812A2712C300468F64 /* Resources */,
			);
			buildRules = (
			);
			dependencies = (
				50B06B852A2712C300468F64 /* PBXTargetDependency */,
			);
			name = ProtoType_SWIFTUITests;
			productName = ProtoType_SWIFTUITests;
			productReference = 50B06B832A2712C300468F64 /* ProtoType_SWIFTUITests.xctest */;
			productType = "com.apple.product-type.bundle.unit-test";
		};
		50B06B8C2A2712C300468F64 /* ProtoType_SWIFTUIUITests */ = {
			isa = PBXNativeTarget;
			buildConfigurationList = 50B06B9D2A2712C300468F64 /* Build configuration list for PBXNativeTarget "ProtoType_SWIFTUIUITests" */;
			buildPhases = (
				50B06B892A2712C300468F64 /* Sources */,
				50B06B8A2A2712C300468F64 /* Frameworks */,
				50B06B8B2A2712C300468F64 /* Resources */,
			);
			buildRules = (
			);
			dependencies = (
				50B06B8F2A2712C300468F64 /* PBXTargetDependency */,
			);
			name = ProtoType_SWIFTUIUITests;
			productName = ProtoType_SWIFTUIUITests;
			productReference = 50B06B8D2A2712C300468F64 /* ProtoType_SWIFTUIUITests.xctest */;
			productType = "com.apple.product-type.bundle.ui-testing";
		};
/* End PBXNativeTarget section */

/* Begin PBXProject section */
		50B06B6B2A2712BD00468F64 /* Project object */ = {
			isa = PBXProject;
			attributes = {
				BuildIndependentTargetsInParallel = 1;
				LastSwiftUpdateCheck = 1340;
				LastUpgradeCheck = 1340;
				TargetAttributes = {
					50B06B722A2712BD00468F64 = {
						CreatedOnToolsVersion = 13.4.1;
					};
					50B06B822A2712C300468F64 = {
						CreatedOnToolsVersion = 13.4.1;
						TestTargetID = 50B06B722A2712BD00468F64;
					};
					50B06B8C2A2712C300468F64 = {
						CreatedOnToolsVersion = 13.4.1;
						TestTargetID = 50B06B722A2712BD00468F64;
					};
				};
			};
			buildConfigurationList = 50B06B6E2A2712BD00468F64 /* Build configuration list for PBXProject "ProtoType_SWIFTUI" */;
			compatibilityVersion = "Xcode 13.0";
			developmentRegion = en;
			hasScannedForEncodings = 0;
			knownRegions = (
				en,
				Base,
			);
			mainGroup = 50B06B6A2A2712BD00468F64;
			productRefGroup = 50B06B742A2712BD00468F64 /* Products */;
			projectDirPath = "";
			projectRoot = "";
			targets = (
				50B06B722A2712BD00468F64 /* ProtoType_SWIFTUI */,
				50B06B822A2712C300468F64 /* ProtoType_SWIFTUITests */,
				50B06B8C2A2712C300468F64 /* ProtoType_SWIFTUIUITests */,
			);
		};
/* End PBXProject section */

/* Begin PBXResourcesBuildPhase section */
		50B06B712A2712BD00468F64 /* Resources */ = {
			isa = PBXResourcesBuildPhase;
			buildActionMask = 2147483647;
			files = (
				50B06B7E2A2712C200468F64 /* Preview Assets.xcassets in Resources */,
				50B06B7B2A2712C200468F64 /* Assets.xcassets in Resources */,
			);
			runOnlyForDeploymentPostprocessing = 0;
		};
		50B06B812A2712C300468F64 /* Resources */ = {
			isa = PBXResourcesBuildPhase;
			buildActionMask = 2147483647;
			files = (
			);
			runOnlyForDeploymentPostprocessing = 0;
		};
		50B06B8B2A2712C300468F64 /* Resources */ = {
			isa = PBXResourcesBuildPhase;
			buildActionMask = 2147483647;
			files = (
			);
			runOnlyForDeploymentPostprocessing = 0;
		};
/* End PBXResourcesBuildPhase section */

/* Begin PBXSourcesBuildPhase section */
		50B06B6F2A2712BD00468F64 /* Sources */ = {
			isa = PBXSourcesBuildPhase;
			buildActionMask = 2147483647;
			files = (
				50B06BA12A2715EE00468F64 /* CategoryCard.swift in Sources */,
				50B06BA32A271F1700468F64 /* Profile.swift in Sources */,
				50B06BA62A27224C00468F64 /* Categories.swift in Sources */,
				50B06B792A2712BD00468F64 /* ContentView.swift in Sources */,
				50B06BA82A27227200468F64 /* CategoryRow.swift in Sources */,
				50B06B772A2712BD00468F64 /* ProtoType_SWIFTUIApp.swift in Sources */,
			);
			runOnlyForDeploymentPostprocessing = 0;
		};
		50B06B7F2A2712C300468F64 /* Sources */ = {
			isa = PBXSourcesBuildPhase;
			buildActionMask = 2147483647;
			files = (
				50B06B882A2712C300468F64 /* ProtoType_SWIFTUITests.swift in Sources */,
			);
			runOnlyForDeploymentPostprocessing = 0;
		};
		50B06B892A2712C300468F64 /* Sources */ = {
			isa = PBXSourcesBuildPhase;
			buildActionMask = 2147483647;
			files = (
				50B06B922A2712C300468F64 /* ProtoType_SWIFTUIUITests.swift in Sources */,
				50B06B942A2712C300468F64 /* ProtoType_SWIFTUIUITestsLaunchTests.swift in Sources */,
			);
			runOnlyForDeploymentPostprocessing = 0;
		};
/* End PBXSourcesBuildPhase section */

/* Begin PBXTargetDependency section */
		50B06B852A2712C300468F64 /* PBXTargetDependency */ = {
			isa = PBXTargetDependency;
			target = 50B06B722A2712BD00468F64 /* ProtoType_SWIFTUI */;
			targetProxy = 50B06B842A2712C300468F64 /* PBXContainerItemProxy */;
		};
		50B06B8F2A2712C300468F64 /* PBXTargetDependency */ = {
			isa = PBXTargetDependency;
			target = 50B06B722A2712BD00468F64 /* ProtoType_SWIFTUI */;
			targetProxy = 50B06B8E2A2712C300468F64 /* PBXContainerItemProxy */;
		};
/* End PBXTargetDependency section */

/* Begin XCBuildConfiguration section */
		50B06B952A2712C300468F64 /* Debug */ = {
			isa = XCBuildConfiguration;
			buildSettings = {
				ALWAYS_SEARCH_USER_PATHS = NO;
				CLANG_ANALYZER_NONNULL = YES;
				CLANG_ANALYZER_NUMBER_OBJECT_CONVERSION = YES_AGGRESSIVE;
				CLANG_CXX_LANGUAGE_STANDARD = "gnu++17";
				CLANG_ENABLE_MODULES = YES;
				CLANG_ENABLE_OBJC_ARC = YES;
				CLANG_ENABLE_OBJC_WEAK = YES;
				CLANG_WARN_BLOCK_CAPTURE_AUTORELEASING = YES;
				CLANG_WARN_BOOL_CONVERSION = YES;
				CLANG_WARN_COMMA = YES;
				CLANG_WARN_CONSTANT_CONVERSION = YES;
				CLANG_WARN_DEPRECATED_OBJC_IMPLEMENTATIONS = YES;
				CLANG_WARN_DIRECT_OBJC_ISA_USAGE = YES_ERROR;
				CLANG_WARN_DOCUMENTATION_COMMENTS = YES;
				CLANG_WARN_EMPTY_BODY = YES;
				CLANG_WARN_ENUM_CONVERSION = YES;
				CLANG_WARN_INFINITE_RECURSION = YES;
				CLANG_WARN_INT_CONVERSION = YES;
				CLANG_WARN_NON_LITERAL_NULL_CONVERSION = YES;
				CLANG_WARN_OBJC_IMPLICIT_RETAIN_SELF = YES;
				CLANG_WARN_OBJC_LITERAL_CONVERSION = YES;
				CLANG_WARN_OBJC_ROOT_CLASS = YES_ERROR;
				CLANG_WARN_QUOTED_INCLUDE_IN_FRAMEWORK_HEADER = YES;
				CLANG_WARN_RANGE_LOOP_ANALYSIS = YES;
				CLANG_WARN_STRICT_PROTOTYPES = YES;
				CLANG_WARN_SUSPICIOUS_MOVE = YES;
				CLANG_WARN_UNGUARDED_AVAILABILITY = YES_AGGRESSIVE;
				CLANG_WARN_UNREACHABLE_CODE = YES;
				CLANG_WARN__DUPLICATE_METHOD_MATCH = YES;
				COPY_PHASE_STRIP = NO;
				DEBUG_INFORMATION_FORMAT = dwarf;
				ENABLE_STRICT_OBJC_MSGSEND = YES;
				ENABLE_TESTABILITY = YES;
				GCC_C_LANGUAGE_STANDARD = gnu11;
				GCC_DYNAMIC_NO_PIC = NO;
				GCC_NO_COMMON_BLOCKS = YES;
				GCC_OPTIMIZATION_LEVEL = 0;
				GCC_PREPROCESSOR_DEFINITIONS = (
					"DEBUG=1",
					"$(inherited)",
				);
				GCC_WARN_64_TO_32_BIT_CONVERSION = YES;
				GCC_WARN_ABOUT_RETURN_TYPE = YES_ERROR;
				GCC_WARN_UNDECLARED_SELECTOR = YES;
				GCC_WARN_UNINITIALIZED_AUTOS = YES_AGGRESSIVE;
				GCC_WARN_UNUSED_FUNCTION = YES;
				GCC_WARN_UNUSED_VARIABLE = YES;
				IPHONEOS_DEPLOYMENT_TARGET = 15.5;
				MTL_ENABLE_DEBUG_INFO = INCLUDE_SOURCE;
				MTL_FAST_MATH = YES;
				ONLY_ACTIVE_ARCH = YES;
				SDKROOT = iphoneos;
				SWIFT_ACTIVE_COMPILATION_CONDITIONS = DEBUG;
				SWIFT_OPTIMIZATION_LEVEL = "-Onone";
			};
			name = Debug;
		};
		50B06B962A2712C300468F64 /* Release */ = {
			isa = XCBuildConfiguration;
			buildSettings = {
				ALWAYS_SEARCH_USER_PATHS = NO;
				CLANG_ANALYZER_NONNULL = YES;
				CLANG_ANALYZER_NUMBER_OBJECT_CONVERSION = YES_AGGRESSIVE;
				CLANG_CXX_LANGUAGE_STANDARD = "gnu++17";
				CLANG_ENABLE_MODULES = YES;
				CLANG_ENABLE_OBJC_ARC = YES;
				CLANG_ENABLE_OBJC_WEAK = YES;
				CLANG_WARN_BLOCK_CAPTURE_AUTORELEASING = YES;
				CLANG_WARN_BOOL_CONVERSION = YES;
				CLANG_WARN_COMMA = YES;
				CLANG_WARN_CONSTANT_CONVERSION = YES;
				CLANG_WARN_DEPRECATED_OBJC_IMPLEMENTATIONS = YES;
				CLANG_WARN_DIRECT_OBJC_ISA_USAGE = YES_ERROR;
				CLANG_WARN_DOCUMENTATION_COMMENTS = YES;
				CLANG_WARN_EMPTY_BODY = YES;
				CLANG_WARN_ENUM_CONVERSION = YES;
				CLANG_WARN_INFINITE_RECURSION = YES;
				CLANG_WARN_INT_CONVERSION = YES;
				CLANG_WARN_NON_LITERAL_NULL_CONVERSION = YES;
				CLANG_WARN_OBJC_IMPLICIT_RETAIN_SELF = YES;
				CLANG_WARN_OBJC_LITERAL_CONVERSION = YES;
				CLANG_WARN_OBJC_ROOT_CLASS = YES_ERROR;
				CLANG_WARN_QUOTED_INCLUDE_IN_FRAMEWORK_HEADER = YES;
				CLANG_WARN_RANGE_LOOP_ANALYSIS = YES;
				CLANG_WARN_STRICT_PROTOTYPES = YES;
				CLANG_WARN_SUSPICIOUS_MOVE = YES;
				CLANG_WARN_UNGUARDED_AVAILABILITY = YES_AGGRESSIVE;
				CLANG_WARN_UNREACHABLE_CODE = YES;
				CLANG_WARN__DUPLICATE_METHOD_MATCH = YES;
				COPY_PHASE_STRIP = NO;
				DEBUG_INFORMATION_FORMAT = "dwarf-with-dsym";
				ENABLE_NS_ASSERTIONS = NO;
				ENABLE_STRICT_OBJC_MSGSEND = YES;
				GCC_C_LANGUAGE_STANDARD = gnu11;
				GCC_NO_COMMON_BLOCKS = YES;
				GCC_WARN_64_TO_32_BIT_CONVERSION = YES;
				GCC_WARN_ABOUT_RETURN_TYPE = YES_ERROR;
				GCC_WARN_UNDECLARED_SELECTOR = YES;
				GCC_WARN_UNINITIALIZED_AUTOS = YES_AGGRESSIVE;
				GCC_WARN_UNUSED_FUNCTION = YES;
				GCC_WARN_UNUSED_VARIABLE = YES;
				IPHONEOS_DEPLOYMENT_TARGET = 15.5;
				MTL_ENABLE_DEBUG_INFO = NO;
				MTL_FAST_MATH = YES;
				SDKROOT = iphoneos;
				SWIFT_COMPILATION_MODE = wholemodule;
				SWIFT_OPTIMIZATION_LEVEL = "-O";
				VALIDATE_PRODUCT = YES;
			};
			name = Release;
		};
		50B06B982A2712C300468F64 /* Debug */ = {
			isa = XCBuildConfiguration;
			buildSettings = {
				ASSETCATALOG_COMPILER_APPICON_NAME = AppIcon;
				ASSETCATALOG_COMPILER_GLOBAL_ACCENT_COLOR_NAME = AccentColor;
				CODE_SIGN_STYLE = Automatic;
				CURRENT_PROJECT_VERSION = 1;
				DEVELOPMENT_ASSET_PATHS = "\"ProtoType_SWIFTUI/Preview Content\"";
				ENABLE_PREVIEWS = YES;
				GENERATE_INFOPLIST_FILE = YES;
				INFOPLIST_KEY_UIApplicationSceneManifest_Generation = YES;
				INFOPLIST_KEY_UIApplicationSupportsIndirectInputEvents = YES;
				INFOPLIST_KEY_UILaunchScreen_Generation = YES;
				INFOPLIST_KEY_UISupportedInterfaceOrientations_iPad = "UIInterfaceOrientationPortrait UIInterfaceOrientationPortraitUpsideDown UIInterfaceOrientationLandscapeLeft UIInterfaceOrientationLandscapeRight";
				INFOPLIST_KEY_UISupportedInterfaceOrientations_iPhone = "UIInterfaceOrientationPortrait UIInterfaceOrientationLandscapeLeft UIInterfaceOrientationLandscapeRight";
				LD_RUNPATH_SEARCH_PATHS = (
					"$(inherited)",
					"@executable_path/Frameworks",
				);
				MARKETING_VERSION = 1.0;
				PRODUCT_BUNDLE_IDENTIFIER = "Kah-Services.ProtoType-SWIFTUI";
				PRODUCT_NAME = "$(TARGET_NAME)";
				SWIFT_EMIT_LOC_STRINGS = YES;
				SWIFT_VERSION = 5.0;
				TARGETED_DEVICE_FAMILY = "1,2";
			};
			name = Debug;
		};
		50B06B992A2712C300468F64 /* Release */ = {
			isa = XCBuildConfiguration;
			buildSettings = {
				ASSETCATALOG_COMPILER_APPICON_NAME = AppIcon;
				ASSETCATALOG_COMPILER_GLOBAL_ACCENT_COLOR_NAME = AccentColor;
				CODE_SIGN_STYLE = Automatic;
				CURRENT_PROJECT_VERSION = 1;
				DEVELOPMENT_ASSET_PATHS = "\"ProtoType_SWIFTUI/Preview Content\"";
				ENABLE_PREVIEWS = YES;
				GENERATE_INFOPLIST_FILE = YES;
				INFOPLIST_KEY_UIApplicationSceneManifest_Generation = YES;
				INFOPLIST_KEY_UIApplicationSupportsIndirectInputEvents = YES;
				INFOPLIST_KEY_UILaunchScreen_Generation = YES;
				INFOPLIST_KEY_UISupportedInterfaceOrientations_iPad = "UIInterfaceOrientationPortrait UIInterfaceOrientationPortraitUpsideDown UIInterfaceOrientationLandscapeLeft UIInterfaceOrientationLandscapeRight";
				INFOPLIST_KEY_UISupportedInterfaceOrientations_iPhone = "UIInterfaceOrientationPortrait UIInterfaceOrientationLandscapeLeft UIInterfaceOrientationLandscapeRight";
				LD_RUNPATH_SEARCH_PATHS = (
					"$(inherited)",
					"@executable_path/Frameworks",
				);
				MARKETING_VERSION = 1.0;
				PRODUCT_BUNDLE_IDENTIFIER = "Kah-Services.ProtoType-SWIFTUI";
				PRODUCT_NAME = "$(TARGET_NAME)";
				SWIFT_EMIT_LOC_STRINGS = YES;
				SWIFT_VERSION = 5.0;
				TARGETED_DEVICE_FAMILY = "1,2";
			};
			name = Release;
		};
		50B06B9B2A2712C300468F64 /* Debug */ = {
			isa = XCBuildConfiguration;
			buildSettings = {
				ALWAYS_EMBED_SWIFT_STANDARD_LIBRARIES = YES;
				BUNDLE_LOADER = "$(TEST_HOST)";
				CODE_SIGN_STYLE = Automatic;
				CURRENT_PROJECT_VERSION = 1;
				GENERATE_INFOPLIST_FILE = YES;
				IPHONEOS_DEPLOYMENT_TARGET = 15.5;
				MARKETING_VERSION = 1.0;
				PRODUCT_BUNDLE_IDENTIFIER = "Kah-Services.ProtoType-SWIFTUITests";
				PRODUCT_NAME = "$(TARGET_NAME)";
				SWIFT_EMIT_LOC_STRINGS = NO;
				SWIFT_VERSION = 5.0;
				TARGETED_DEVICE_FAMILY = "1,2";
				TEST_HOST = "$(BUILT_PRODUCTS_DIR)/ProtoType_SWIFTUI.app/ProtoType_SWIFTUI";
			};
			name = Debug;
		};
		50B06B9C2A2712C300468F64 /* Release */ = {
			isa = XCBuildConfiguration;
			buildSettings = {
				ALWAYS_EMBED_SWIFT_STANDARD_LIBRARIES = YES;
				BUNDLE_LOADER = "$(TEST_HOST)";
				CODE_SIGN_STYLE = Automatic;
				CURRENT_PROJECT_VERSION = 1;
				GENERATE_INFOPLIST_FILE = YES;
				IPHONEOS_DEPLOYMENT_TARGET = 15.5;
				MARKETING_VERSION = 1.0;
				PRODUCT_BUNDLE_IDENTIFIER = "Kah-Services.ProtoType-SWIFTUITests";
				PRODUCT_NAME = "$(TARGET_NAME)";
				SWIFT_EMIT_LOC_STRINGS = NO;
				SWIFT_VERSION = 5.0;
				TARGETED_DEVICE_FAMILY = "1,2";
				TEST_HOST = "$(BUILT_PRODUCTS_DIR)/ProtoType_SWIFTUI.app/ProtoType_SWIFTUI";
			};
			name = Release;
		};
		50B06B9E2A2712C300468F64 /* Debug */ = {
			isa = XCBuildConfiguration;
			buildSettings = {
				ALWAYS_EMBED_SWIFT_STANDARD_LIBRARIES = YES;
				CODE_SIGN_STYLE = Automatic;
				CURRENT_PROJECT_VERSION = 1;
				GENERATE_INFOPLIST_FILE = YES;
				MARKETING_VERSION = 1.0;
				PRODUCT_BUNDLE_IDENTIFIER = "Kah-Services.ProtoType-SWIFTUIUITests";
				PRODUCT_NAME = "$(TARGET_NAME)";
				SWIFT_EMIT_LOC_STRINGS = NO;
				SWIFT_VERSION = 5.0;
				TARGETED_DEVICE_FAMILY = "1,2";
				TEST_TARGET_NAME = ProtoType_SWIFTUI;
			};
			name = Debug;
		};
		50B06B9F2A2712C300468F64 /* Release */ = {
			isa = XCBuildConfiguration;
			buildSettings = {
				ALWAYS_EMBED_SWIFT_STANDARD_LIBRARIES = YES;
				CODE_SIGN_STYLE = Automatic;
				CURRENT_PROJECT_VERSION = 1;
				GENERATE_INFOPLIST_FILE = YES;
				MARKETING_VERSION = 1.0;
				PRODUCT_BUNDLE_IDENTIFIER = "Kah-Services.ProtoType-SWIFTUIUITests";
				PRODUCT_NAME = "$(TARGET_NAME)";
				SWIFT_EMIT_LOC_STRINGS = NO;
				SWIFT_VERSION = 5.0;
				TARGETED_DEVICE_FAMILY = "1,2";
				TEST_TARGET_NAME = ProtoType_SWIFTUI;
			};
			name = Release;
		};
/* End XCBuildConfiguration section */

/* Begin XCConfigurationList section */
		50B06B6E2A2712BD00468F64 /* Build configuration list for PBXProject "ProtoType_SWIFTUI" */ = {
			isa = XCConfigurationList;
			buildConfigurations = (
				50B06B952A2712C300468F64 /* Debug */,
				50B06B962A2712C300468F64 /* Release */,
			);
			defaultConfigurationIsVisible = 0;
			defaultConfigurationName = Release;
		};
		50B06B972A2712C300468F64 /* Build configuration list for PBXNativeTarget "ProtoType_SWIFTUI" */ = {
			isa = XCConfigurationList;
			buildConfigurations = (
				50B06B982A2712C300468F64 /* Debug */,
				50B06B992A2712C300468F64 /* Release */,
			);
			defaultConfigurationIsVisible = 0;
			defaultConfigurationName = Release;
		};
		50B06B9A2A2712C300468F64 /* Build configuration list for PBXNativeTarget "ProtoType_SWIFTUITests" */ = {
			isa = XCConfigurationList;
			buildConfigurations = (
				50B06B9B2A2712C300468F64 /* Debug */,
				50B06B9C2A2712C300468F64 /* Release */,
			);
			defaultConfigurationIsVisible = 0;
			defaultConfigurationName = Release;
		};
		50B06B9D2A2712C300468F64 /* Build configuration list for PBXNativeTarget "ProtoType_SWIFTUIUITests" */ = {
			isa = XCConfigurationList;
			buildConfigurations = (
				50B06B9E2A2712C300468F64 /* Debug */,
				50B06B9F2A2712C300468F64 /* Release */,
			);
			defaultConfigurationIsVisible = 0;
			defaultConfigurationName = Release;
		};
/* End XCConfigurationList section */
	};
	rootObject = 50B06B6B2A2712BD00468F64 /* Project object */;
}
